{
  "version": "2",
  "remote": {
    "https://deno.land/std@0.192.0/_util/asserts.ts": "178dfc49a464aee693a7e285567b3d0b555dc805ff490505a8aae34f9cfb1462",
    "https://deno.land/std@0.192.0/_util/os.ts": "d932f56d41e4f6a6093d56044e29ce637f8dcc43c5a90af43504a889cf1775e3",
    "https://deno.land/std@0.192.0/async/abortable.ts": "fd682fa46f3b7b16b4606a5ab52a7ce309434b76f820d3221bdfb862719a15d7",
    "https://deno.land/std@0.192.0/async/deadline.ts": "58f72a3cc0fcb731b2cc055ba046f4b5be3349ff6bf98f2e793c3b969354aab2",
    "https://deno.land/std@0.192.0/async/debounce.ts": "adab11d04ca38d699444ac8a9d9856b4155e8dda2afd07ce78276c01ea5a4332",
    "https://deno.land/std@0.192.0/async/deferred.ts": "42790112f36a75a57db4a96d33974a936deb7b04d25c6084a9fa8a49f135def8",
    "https://deno.land/std@0.192.0/async/delay.ts": "73aa04cec034c84fc748c7be49bb15cac3dd43a57174bfdb7a4aec22c248f0dd",
    "https://deno.land/std@0.192.0/async/mod.ts": "f04344fa21738e5ad6bea37a6bfffd57c617c2d372bb9f9dcfd118a1b622e576",
    "https://deno.land/std@0.192.0/async/mux_async_iterator.ts": "70c7f2ee4e9466161350473ad61cac0b9f115cff4c552eaa7ef9d50c4cbb4cc9",
    "https://deno.land/std@0.192.0/async/pool.ts": "f1b8d3df4d7fd3c73f8cbc91cc2e8b8e950910f1eab94230b443944d7584c657",
    "https://deno.land/std@0.192.0/async/retry.ts": "6521c061a5ab24e8b1ae624bdc581c4243d1d574f99dc7f5a2a195c2241fb1b8",
    "https://deno.land/std@0.192.0/async/tee.ts": "47e42d35f622650b02234d43803d0383a89eb4387e1b83b5a40106d18ae36757",
    "https://deno.land/std@0.192.0/collections/_utils.ts": "5114abc026ddef71207a79609b984614e66a63a4bda17d819d56b0e72c51527e",
    "https://deno.land/std@0.192.0/collections/deep_merge.ts": "5a8ed29030f4471a5272785c57c3455fa79697b9a8f306013a8feae12bafc99a",
    "https://deno.land/std@0.192.0/collections/filter_values.ts": "5b9feaf17b9a6e5ffccdd36cf6f38fa4ffa94cff2602d381c2ad0c2a97929652",
    "https://deno.land/std@0.192.0/collections/sort_by.ts": "e69f2547f40f1095949d8f47f5f114aff7d0f11c248b39515365e99bc5e85744",
    "https://deno.land/std@0.192.0/collections/without_all.ts": "a89f5da0b5830defed4f59666e188df411d8fece35a5f6ca69be6ca71a95c185",
    "https://deno.land/std@0.192.0/dotenv/mod.ts": "f5a8123741d1561ae8184a7f043bc097b15132c5171c651142b804b6dbc21853",
    "https://deno.land/std@0.192.0/encoding/base64.ts": "144ae6234c1fbe5b68666c711dc15b1e9ee2aef6d42b3b4345bf9a6c91d70d0d",
    "https://deno.land/std@0.192.0/flags/mod.ts": "17f444ddbee43c5487568de0c6a076c7729cfe90d96d2ffcd2b8f8adadafb6e8",
    "https://deno.land/std@0.192.0/fmt/bytes.ts": "f29cf69e0791d375f9f5d94ae1f0641e5a03b975f32ddf86d70f70fdf37e7b6a",
    "https://deno.land/std@0.192.0/fmt/colors.ts": "d67e3cd9f472535241a8e410d33423980bec45047e343577554d3356e1f0ef4e",
    "https://deno.land/std@0.192.0/fs/exists.ts": "29c26bca8584a22876be7cb8844f1b6c8fc35e9af514576b78f5c6884d7ed02d",
    "https://deno.land/std@0.192.0/html/entities.ts": "1c9fa4d76e36a9bdbe370a65f1612771f3cc2cf802d217b4e633850e2fa25c16",
    "https://deno.land/std@0.192.0/http/_negotiation/common.ts": "14d1a52427ab258a4b7161cd80e1d8a207b7cc64b46e911780f57ead5f4323c6",
    "https://deno.land/std@0.192.0/http/_negotiation/encoding.ts": "ff747d107277c88cb7a6a62a08eeb8d56dad91564cbcccb30694d5dc126dcc53",
    "https://deno.land/std@0.192.0/http/_negotiation/language.ts": "7bcddd8db3330bdb7ce4fc00a213c5547c1968139864201efd67ef2d0d51887d",
    "https://deno.land/std@0.192.0/http/_negotiation/media_type.ts": "58847517cd549384ad677c0fe89e0a4815be36fe7a303ea63cee5f6a1d7e1692",
    "https://deno.land/std@0.192.0/http/etag.ts": "6ad8abbbb1045aabf2307959a2c5565054a8bf01c9824ddee836b1ff22706a58",
    "https://deno.land/std@0.192.0/http/file_server.ts": "2349d927be838b32a965ba435d0e8351932b79186fa582ea2d7168b6b53ba36e",
    "https://deno.land/std@0.192.0/http/http_status.ts": "8a7bcfe3ac025199ad804075385e57f63d055b2aed539d943ccc277616d6f932",
    "https://deno.land/std@0.192.0/http/method.ts": "e66c2a015cb46c21ab0bb3589aa4fca43143a506cb324ffdfd42d2edef7bc0c4",
    "https://deno.land/std@0.192.0/http/negotiation.ts": "46e74a6bad4b857333a58dc5b50fe8e5a4d5267e97292293ea65f980bd918086",
    "https://deno.land/std@0.192.0/http/server.ts": "1b23463b5b36e4eebc495417f6af47a6f7d52e3294827a1226d2a1aab23d9d20",
    "https://deno.land/std@0.192.0/http/util.ts": "4cf044067febaa26d0830e356b0f3a5f76d701a60d7ff7a516fad7b192f4c3a7",
    "https://deno.land/std@0.192.0/media_types/_db.ts": "7606d83e31f23ce1a7968cbaee852810c2cf477903a095696cdc62eaab7ce570",
    "https://deno.land/std@0.192.0/media_types/_util.ts": "916efbd30b6148a716f110e67a4db29d6949bf4048997b754415dd7e42c52378",
    "https://deno.land/std@0.192.0/media_types/content_type.ts": "ad98a5aa2d95f5965b2796072284258710a25e520952376ed432b0937ce743bc",
    "https://deno.land/std@0.192.0/media_types/extension.ts": "a7cd28c9417143387cdfed27d4e8607ebcf5b1ec27eb8473d5b000144689fe65",
    "https://deno.land/std@0.192.0/media_types/extensions_by_type.ts": "43806d6a52a0d6d965ada9d20e60a982feb40bc7a82268178d94edb764694fed",
    "https://deno.land/std@0.192.0/media_types/format_media_type.ts": "f5e1073c05526a6f5a516ac5c5587a1abd043bf1039c71cde1166aa4328c8baf",
    "https://deno.land/std@0.192.0/media_types/get_charset.ts": "18b88274796fda5d353806bf409eb1d2ddb3f004eb4bd311662c4cdd8ac173db",
    "https://deno.land/std@0.192.0/media_types/mod.ts": "d3f0b99f85053bc0b98ecc24eaa3546dfa09b856dc0bbaf60d8956d2cdd710c8",
    "https://deno.land/std@0.192.0/media_types/parse_media_type.ts": "835c4112e1357e95b4f10d7cdea5ae1801967e444f48673ff8f1cb4d32af9920",
    "https://deno.land/std@0.192.0/media_types/type_by_extension.ts": "daa801eb0f11cdf199445d0f1b656cf116d47dcf9e5b85cc1e6b4469f5ee0432",
    "https://deno.land/std@0.192.0/media_types/vendor/mime-db.v1.52.0.ts": "6925bbcae81ca37241e3f55908d0505724358cda3384eaea707773b2c7e99586",
    "https://deno.land/std@0.192.0/path/_constants.ts": "e49961f6f4f48039c0dfed3c3f93e963ca3d92791c9d478ac5b43183413136e0",
    "https://deno.land/std@0.192.0/path/_interface.ts": "6471159dfbbc357e03882c2266d21ef9afdb1e4aa771b0545e90db58a0ba314b",
    "https://deno.land/std@0.192.0/path/_util.ts": "d7abb1e0dea065f427b89156e28cdeb32b045870acdf865833ba808a73b576d0",
    "https://deno.land/std@0.192.0/path/common.ts": "ee7505ab01fd22de3963b64e46cff31f40de34f9f8de1fff6a1bd2fe79380000",
    "https://deno.land/std@0.192.0/path/glob.ts": "d479e0a695621c94d3fd7fe7abd4f9499caf32a8de13f25073451c6ef420a4e1",
    "https://deno.land/std@0.192.0/path/mod.ts": "f065032a7189404fdac3ad1a1551a9ac84751d2f25c431e101787846c86c79ef",
    "https://deno.land/std@0.192.0/path/posix.ts": "8b7c67ac338714b30c816079303d0285dd24af6b284f7ad63da5b27372a2c94d",
    "https://deno.land/std@0.192.0/path/separator.ts": "0fb679739d0d1d7bf45b68dacfb4ec7563597a902edbaf3c59b50d5bcadd93b1",
    "https://deno.land/std@0.192.0/path/win32.ts": "d186344e5583bcbf8b18af416d13d82b35a317116e6460a5a3953508c3de5bba",
    "https://deno.land/std@0.192.0/streams/byte_slice_stream.ts": "225d57263a34325d7c96cb3dafeb478eec0e6fd05cd0458d678752eadd132bb4",
    "https://deno.land/std@0.192.0/streams/readable_stream_from_iterable.ts": "cd4bb9e9bf6dbe84c213beb1f5085c326624421671473e410cfaecad15f01865",
    "https://deno.land/std@0.192.0/version.ts": "82e5401e6ada24cd7c403ea3bcd0b904e6f1aa98a4c1b8ccaa76aed50256074a",
    "https://deno.land/x/ahx_fns@v0.0.10/http/dev_server.ts": "b452054fb7b1dbca4789e9535964fd277f640b8acaa87d60b6654c207d568dbf",
    "https://deno.land/x/ahx_fns@v0.0.10/http/secure_localhost.ts": "a05dd4b493afc4b153ec68e5923d6677070d060340e78e0e7ef48ffd5f0930ee",
    "https://deno.land/x/ahx_fns@v0.0.10/http/server.ts": "2d3269dd0f8ac568bf5a0b50348cd1f7a602a3249bbdecff169a26b2e68c33cb",
    "https://deno.land/x/ahx_fns@v0.0.10/scripts/gen.ts": "349188f3fca345c2723759df2acd571866b2b60dfee0a630b7babcf162cc5aa9",
    "https://deno.land/x/http_fns@v0.0.14/cascade.ts": "d78aa0aabb06632d5942a9e7a409e612d87b45af87f38efc97dec04398abffb7",
    "https://deno.land/x/http_fns@v0.0.14/cors.ts": "95c3ef8c3a5c372816764c1916dbb14e18c509f0a883a3cc3fa4902a7fb76c2e",
    "https://deno.land/x/http_fns@v0.0.14/fallback.ts": "18a176b849f29441af61248adf7f3f6c856435d5c0f910026122039ea3e66a32",
    "https://deno.land/x/http_fns@v0.0.14/generate.ts": "ebebefd8f9542ff61e631071f6e8dca79e68f0a3ff3f6482cf6db7cec91fcb79",
    "https://deno.land/x/http_fns@v0.0.14/handle.ts": "c0a56aab398b44825ac9f6399ee2a507cca3bd3292fe29db268b43a555a43211",
    "https://deno.land/x/http_fns@v0.0.14/intercept.ts": "b99767878f12ded06cdd3ac878b889714aadb391ddf0834c3a972f895ec20d17",
    "https://deno.land/x/http_fns@v0.0.14/logger.ts": "79ed24a3547d6e6af0b0e68797084d410fed025dcf8602a14f19fe8a36a318da",
    "https://deno.land/x/http_fns@v0.0.14/map.ts": "3c65858487cdb3ad0ff757a99f8ea3218ead9ce3cad05d088ade7816fc1dd304",
    "https://deno.land/x/http_fns@v0.0.14/media_type.ts": "7a1a3654f6994c896269d4824a85050b2e3b1890cdca00f65fe5dd3be06b6e30",
    "https://deno.land/x/http_fns@v0.0.14/method.ts": "faa43754c232e02f6ea828c6b04114fee6f2e9d1aa94106ea83cb273713da6c0",
    "https://deno.land/x/http_fns@v0.0.14/pattern.ts": "0005dbc23f889ec0ae8ff465bc7bc2c9c009d11833d12bda72467ac3fc2008d5",
    "https://deno.land/x/http_fns@v0.0.14/port.ts": "0ccefe1e6bdf9a3b5727eeb6246f39ea0ee40b0edd561f58fb1b3580f64b3380",
    "https://deno.land/x/http_fns@v0.0.14/response.ts": "0964100ff2c7bafa91630759be635d4951b8e5eb8dc31bd9e686b6b3e6bc80b6",
    "https://deno.land/x/http_fns@v0.0.14/static.ts": "120740d3ca7d1b50cae2a289a6d80acf23754637098124ff9eb442f00aa56148",
    "https://deno.land/x/http_fns@v0.0.14/types.ts": "537bb2a09446765d13fe18e7d5c55c7732720089895983c312fd499f39a57800",
    "https://deno.land/x/http_fns@v0.0.14/walk.ts": "04efdfb8930c84bb7c09f4455c63fbca723ec4c7b9722911c2100a7c08366743",
    "https://deno.land/x/http_render_fns@v0.0.3/render_html.tsx": "b9b715bdc5b6706043c622ec125fbeda5c4689a589692024a164759e0f97b80c",
    "https://deno.land/x/http_render_fns@v0.0.3/response.ts": "33a033e3f0a599b9a35d0264a31bd0dd271a1e056c92f28ff8cae71b49fdc6b9",
    "https://deno.land/x/jsx_stream@v0.0.4/_internal/awaited_props.ts": "095ccc9a54dc0f185eb1f1c995fa9eabba04b015c02c36eb7b45abffcca5f67a",
    "https://deno.land/x/jsx_stream@v0.0.4/_internal/defer.ts": "7d192279295f2c608112b7ddc2373bed869c876e954f4ed2341282f91df631d9",
    "https://deno.land/x/jsx_stream@v0.0.4/_internal/safe_string.ts": "909fda67f6edaadc6231936ad0f18acafb114e324d6ceb9e209233227810c156",
    "https://deno.land/x/jsx_stream@v0.0.4/_internal/stream_component.ts": "111669f3cd2b7d7eb7bc87b3c992b8ae2768f8c20acaf2a4c889e1fb221aef8d",
    "https://deno.land/x/jsx_stream@v0.0.4/_internal/stream_element.ts": "83033c3071c59041e3b6f90b2f97e43b91729eee70b33f639201476e921077a1",
    "https://deno.land/x/jsx_stream@v0.0.4/_internal/stream_fragment.ts": "dfc30da4ef86d2f70ba29b29756fd4f25d6de1b2dc6f8acf1a1c743625b01d1a",
    "https://deno.land/x/jsx_stream@v0.0.4/_internal/stream_node.ts": "e318612359ea407395950ee9445d0173324c853049a88efde000b821e2cab26e",
    "https://deno.land/x/jsx_stream@v0.0.4/_internal/stream_unknown.ts": "dcf4e65a48572202d52607572dd5b3f5eae4f6fddbb8b816d533c2a9b4ce1cf5",
    "https://deno.land/x/jsx_stream@v0.0.4/_internal/util.ts": "2f8523ab592cb55d822455784bd7a3415c31df8d81ad6e2de38e8c93a6c8f45e",
    "https://deno.land/x/jsx_stream@v0.0.4/config.ts": "f2a2271f8cdff7c8ba35d9ef6ac648ef3f0dafef9db54d161760c872be466518",
    "https://deno.land/x/jsx_stream@v0.0.4/guards.ts": "3b5ea2c79cf0f3a5fcc937c89e33383b3b3ab4f1298fb234ab8a5f67ee109581",
    "https://deno.land/x/jsx_stream@v0.0.4/jsx-runtime.ts": "89880350e98df9221332b636ba8cb2286d9e444df84ac93606ea3e0a01964c6c",
    "https://deno.land/x/jsx_stream@v0.0.4/serialize.ts": "e877297cbbab937b6876f413c0b8e86223d60eb36d8f2dcd21735ece68b7272c",
    "https://deno.land/x/jsx_stream@v0.0.4/types.ts": "1dfb0ba57acf70f8f38a123a52558707163ab07b5b42c16ac7f9b4092ae0abfe",
    "https://esm.sh/hast-util-raw@8.0.0": "50e351da7dcf89718cbf0f1906e23dd89a91d8548396757f06cd0682e44264be",
    "https://esm.sh/hast-util-to-jsx-runtime@1.2.0": "98c357125ba397d84e8739292891f971f6145feaf484b77a1088d1342fc9e5ab",
    "https://esm.sh/mdast-util-from-markdown@1.3.1": "e451f29d557ffe95619341611617c4f70c77c68057fdd4d3ed9ad9ad6b43f8da",
    "https://esm.sh/mdast-util-gfm@2.0.2": "18ea0f7d4b3d059894a4fbe5ec6c97c7121ab61969bd8694c37760904f0bfa61",
    "https://esm.sh/mdast-util-to-hast@12.3.0": "b7c4299ad3efc74f9ab3d873ca44ba758dfe9defbd02873cd74fb5eb8e987294",
    "https://esm.sh/micromark-extension-gfm@2.0.3": "a1a5892f6e6d6ee1c443135d836b4d0b6f8fb4034f70de8b9c4729780b381d67",
    "https://esm.sh/v125/@types/hast@2.3.4/index.d.ts": "52746afcdd549c0c6306e486248b1a8a15fbea17031ade937a41151874c2696d",
    "https://esm.sh/v125/@types/mdast@3.0.11/index.d.ts": "73edc684594bcf85f5b9a3806006cda5478fa04405039567024d3f6303eb5a16",
    "https://esm.sh/v125/@types/unist@2.0.6/index.d.ts": "cddf5c26907c0b8378bc05543161c11637b830da9fadf59e02a11e675d11e180",
    "https://esm.sh/v125/character-entities@2.0.2/denonext/character-entities.mjs": "9e8657f056310ac3ca8058eaf96cef695ee13a4bf6c302674796a882464f305c",
    "https://esm.sh/v125/comma-separated-tokens@2.0.3/denonext/comma-separated-tokens.mjs": "ad5df8a36487e0a63d15bbbb6bab8b153e08583d0d5eb6d0058cd0fc619252e0",
    "https://esm.sh/v125/decode-named-character-reference@1.0.2/denonext/decode-named-character-reference.mjs": "0c71d554edc3a5ffb8a7a9a24001ae5e28859211c4f22ad83d3046df12e5a3f4",
    "https://esm.sh/v125/hast-util-to-jsx-runtime@1.2.0/denonext/hast-util-to-jsx-runtime.mjs": "e2ee29b6617a80ddaab891164d51a18446ec7271250d8bc09868456513071071",
    "https://esm.sh/v125/hast-util-to-jsx-runtime@1.2.0/index.d.ts": "75c2cec42dc4bc33407f7c03465c4f557082c7080803c0deefd55a4c7a626aeb",
    "https://esm.sh/v125/hast-util-to-jsx-runtime@1.2.0/lib/components.d.ts": "a68f361f977e78954db3c73ca9b3b355f8ab0971558214c290bef66c8b06ad99",
    "https://esm.sh/v125/hast-util-to-jsx-runtime@1.2.0/lib/index.d.ts": "28a0c336bb763988f87aeaa3b4ebc88fcf8ab269db8e75f693c3087d3d5988f9",
    "https://esm.sh/v125/hast-util-whitespace@2.0.1/denonext/hast-util-whitespace.mjs": "0d45cf1a1b1d7ba26d5a3f2fda8c929b02ef701786e656ade327d8c3f7b390bb",
    "https://esm.sh/v125/inline-style-parser@0.1.1/denonext/inline-style-parser.mjs": "dada755a348883a0b1b65f2222b2594be53ceb83c4270c5586298ef1a8de5a30",
    "https://esm.sh/v125/mdast-util-definitions@5.1.2/denonext/mdast-util-definitions.mjs": "bbb494357183670d0c634bf6d8c9b589c94f1ee3057de0efa1e7ec99fd75a426",
    "https://esm.sh/v125/mdast-util-from-markdown@1.3.1/denonext/mdast-util-from-markdown.mjs": "f7362aba147dc5dbedf9c5bda361058fb0d394af72b0a5c7ff8badb788fc1bcc",
    "https://esm.sh/v125/mdast-util-from-markdown@1.3.1/index.d.ts": "baf8a1e090e061b45e43830e518cc2cdecb660acdace2713dcff326844692ddf",
    "https://esm.sh/v125/mdast-util-from-markdown@1.3.1/lib/index.d.ts": "5678304b3e33cb34567d8d42c2fa4225cb0805fc9bc1dfb44012f2ed1c053e03",
    "https://esm.sh/v125/mdast-util-to-hast@12.3.0/denonext/mdast-util-to-hast.mjs": "ac8d483383455b21491ea8678891dba0706ffe58f0fa3031067fa24519355e93",
    "https://esm.sh/v125/mdast-util-to-hast@12.3.0/index.d.ts": "6629cfcd6dbc95a268d4dc6d03a2dd03ce3d4ce08fb8308a09e545b14436c5a2",
    "https://esm.sh/v125/mdast-util-to-hast@12.3.0/lib/handlers/blockquote.d.ts": "0d9c8e875507c2405a6ac21d4e1f1aa2257e5d19cc2b2fdb4cb5c643e24487c8",
    "https://esm.sh/v125/mdast-util-to-hast@12.3.0/lib/handlers/break.d.ts": "ef73582229ecddf663166b7d45ea491c753424d18138e753699a9d4481cc9801",
    "https://esm.sh/v125/mdast-util-to-hast@12.3.0/lib/handlers/code.d.ts": "2269bdd1990aad28064098cfee3e9dbb1fa526024f0a80fc9cfee24f5b4e5eeb",
    "https://esm.sh/v125/mdast-util-to-hast@12.3.0/lib/handlers/delete.d.ts": "ea243c52d9deda61edc5e00eb5595c168af16a500076bea9982139ed51ae8978",
    "https://esm.sh/v125/mdast-util-to-hast@12.3.0/lib/handlers/emphasis.d.ts": "21f793c8c2976df576b3c2cf7eba8379ee946154b62f06af7d08e7686608f81f",
    "https://esm.sh/v125/mdast-util-to-hast@12.3.0/lib/handlers/footnote-reference.d.ts": "92839167b69564aab494aa854779f1231fe84844cd075bde6a48077541b8ceca",
    "https://esm.sh/v125/mdast-util-to-hast@12.3.0/lib/handlers/footnote.d.ts": "c20f9d7c35c606b0b41a51a9ceffe8b862e893833842abec063ba7b359bc7add",
    "https://esm.sh/v125/mdast-util-to-hast@12.3.0/lib/handlers/heading.d.ts": "ded215c1abc67ce51c71fdb307e1ebe616e003f4d535d482ebaef05dfb366d96",
    "https://esm.sh/v125/mdast-util-to-hast@12.3.0/lib/handlers/html.d.ts": "2666fbb0c9f53e42edc9d1748aa99126c70d0b93395682ad591887ade218671d",
    "https://esm.sh/v125/mdast-util-to-hast@12.3.0/lib/handlers/image-reference.d.ts": "0b161374d8a4b38064d10155d56b1e44e633a6ab0847f24c86e023982f32e115",
    "https://esm.sh/v125/mdast-util-to-hast@12.3.0/lib/handlers/image.d.ts": "a13577d9a94f34bd959a374d9c441d1b443fb47e5eef189c03147908fbe33071",
    "https://esm.sh/v125/mdast-util-to-hast@12.3.0/lib/handlers/index.d.ts": "9c51cffe4cbf5ea52e4dd02d6d0cbf72c045b7abb0e2ef750aa598887e8a3df4",
    "https://esm.sh/v125/mdast-util-to-hast@12.3.0/lib/handlers/inline-code.d.ts": "1b1c98dfdfc058f73a6342ea296f1c8c0702e0ebef05a28c555e934c4a12d807",
    "https://esm.sh/v125/mdast-util-to-hast@12.3.0/lib/handlers/link-reference.d.ts": "652a697cf8849f1bc5b097f64c1f24944f735940af3fb2a7f760681b2761a25b",
    "https://esm.sh/v125/mdast-util-to-hast@12.3.0/lib/handlers/link.d.ts": "c439bc504a7d046097847e87426ffe1b62f8784527d939dc2f4ffb49bb0a8f2f",
    "https://esm.sh/v125/mdast-util-to-hast@12.3.0/lib/handlers/list-item.d.ts": "f09d242b306bb7eff84723844ac2efecff0d200eaee5592c29d2ff0dd38814ec",
    "https://esm.sh/v125/mdast-util-to-hast@12.3.0/lib/handlers/list.d.ts": "2d5548f0429a8ef83f8babd056714c1c5d8899bc96e5f32f293d1d9ed65c5be3",
    "https://esm.sh/v125/mdast-util-to-hast@12.3.0/lib/handlers/paragraph.d.ts": "9564f3cb8a725cc6453ec60a63c1098dc0fd06f1eccdddc3c55579a3899b93bd",
    "https://esm.sh/v125/mdast-util-to-hast@12.3.0/lib/handlers/root.d.ts": "5f42b0fea6cc186700101c2beff48a3672f5b5132b7350b257346559f88e118c",
    "https://esm.sh/v125/mdast-util-to-hast@12.3.0/lib/handlers/strong.d.ts": "9743d8425bdca9a196799b774c8f6a0a743090369250d11ba14d23892a2e373f",
    "https://esm.sh/v125/mdast-util-to-hast@12.3.0/lib/handlers/table-cell.d.ts": "687abac319ee419df4e1d4d1e448fdf24c212006c9856ff762c10ceaa5a77aca",
    "https://esm.sh/v125/mdast-util-to-hast@12.3.0/lib/handlers/table-row.d.ts": "a40a1e16b88eec5d6df77a01b122a140210d44b75160b2fa2db3f173eded9278",
    "https://esm.sh/v125/mdast-util-to-hast@12.3.0/lib/handlers/table.d.ts": "38f6d1c961b793645a980f54ffbd72c26f24269c1e97d907ce64e26b128d9e49",
    "https://esm.sh/v125/mdast-util-to-hast@12.3.0/lib/handlers/text.d.ts": "015d1fac03886bfcf7ab890502a68c10b27041bb64214d20186cf0b444cb6986",
    "https://esm.sh/v125/mdast-util-to-hast@12.3.0/lib/handlers/thematic-break.d.ts": "f899face4e2a6285a202378cf18751d75d6fe69a29039d267de3530f5beab9c4",
    "https://esm.sh/v125/mdast-util-to-hast@12.3.0/lib/index.d.ts": "0ad277a8d588cae66bba869d0527bbe583945518407c53c590fe2a6db38d8dd4",
    "https://esm.sh/v125/mdast-util-to-hast@12.3.0/lib/state.d.ts": "64667eb4745a7283686267a8564af6850c8a9a58c8d051c70d2f3aa2c4d5d64e",
    "https://esm.sh/v125/mdast-util-to-string@3.2.0/denonext/mdast-util-to-string.mjs": "64fef8fd2a9fdb8abcff4ff6c086c273123c0833c13e465d6c9f82332d1e239c",
    "https://esm.sh/v125/micromark-core-commonmark@1.1.0/denonext/micromark-core-commonmark.mjs": "fedf22a2503d080301dbfeb028f0f82077aaecf1b145890178e152551f00d5d3",
    "https://esm.sh/v125/micromark-factory-destination@1.1.0/denonext/micromark-factory-destination.mjs": "0610ae0c49fffaac6d5d6d45a4cdd5a2024524e37dc642137883473dba703d73",
    "https://esm.sh/v125/micromark-factory-label@1.1.0/denonext/micromark-factory-label.mjs": "424413dccd22890f7601929f585b93eb8810b405fe1d3fba824a5656ff5d3643",
    "https://esm.sh/v125/micromark-factory-space@1.1.0/denonext/micromark-factory-space.mjs": "ea7b684db4f0e6d68ff35d8babd88c146bd5e4754f641f282037e369a2667517",
    "https://esm.sh/v125/micromark-factory-title@1.1.0/denonext/micromark-factory-title.mjs": "5ded814ba88dc0c5f36f0067418c000d9cf0737b98f99994a89e2ae65af6a3f1",
    "https://esm.sh/v125/micromark-factory-whitespace@1.1.0/denonext/micromark-factory-whitespace.mjs": "6c301e0b048242489591f2f3471a05cfc2696d479f7cdc40744008b2493229b2",
    "https://esm.sh/v125/micromark-util-character@1.2.0/denonext/micromark-util-character.mjs": "be2f95646c829378e2f33d0e8b03e7e057f2387cd54f9c18c3d48a87fbc909c9",
    "https://esm.sh/v125/micromark-util-chunked@1.1.0/denonext/micromark-util-chunked.mjs": "896f816c52b791283f998076bcea3ff9a4bbd2bf858d96be6079400939ae8c9d",
    "https://esm.sh/v125/micromark-util-classify-character@1.1.0/denonext/micromark-util-classify-character.mjs": "c0729214295c16ad5a41b24232cd16c5fb0824c2dcc71d542b0933a99b3f8417",
    "https://esm.sh/v125/micromark-util-combine-extensions@1.1.0/denonext/micromark-util-combine-extensions.mjs": "e557be17d033d8fe9ca36927e24ab60099285a372dcad8c17a19de2272042b15",
    "https://esm.sh/v125/micromark-util-decode-numeric-character-reference@1.1.0/denonext/micromark-util-decode-numeric-character-reference.mjs": "d9d2a8fc3648db44a49c0284d088db354b39c5623e1497c4127ad103594a7948",
    "https://esm.sh/v125/micromark-util-decode-string@1.1.0/denonext/micromark-util-decode-string.mjs": "c105b348d672c4c5ea55a46125699355659891681e2aee42b58a02c0873682de",
    "https://esm.sh/v125/micromark-util-encode@1.1.0/denonext/micromark-util-encode.mjs": "e9c399d8913ebe2b736a8259fb061740fd8ad632e7f933e27fb67f442c7e48e3",
    "https://esm.sh/v125/micromark-util-html-tag-name@1.2.0/denonext/micromark-util-html-tag-name.mjs": "81ed9b1fe3f6dd5290991b4bf39d034ddfd6cdbb4f5352ab61769e4c2eb3fbd3",
    "https://esm.sh/v125/micromark-util-normalize-identifier@1.1.0/denonext/micromark-util-normalize-identifier.mjs": "27b873a22954a139d8215b722b0a867b4f1f718cd261ea3f884f997a0d3e0e08",
    "https://esm.sh/v125/micromark-util-resolve-all@1.1.0/denonext/micromark-util-resolve-all.mjs": "ee8f55a86b2bfcc1be3d15bbd8b106755a51916ae4c75c962cc044f6b2a22d46",
    "https://esm.sh/v125/micromark-util-sanitize-uri@1.2.0/denonext/micromark-util-sanitize-uri.mjs": "81c35baf983ae96b809c421ae25c64223461c1409e7203dc951ccd1bf73c2325",
    "https://esm.sh/v125/micromark-util-subtokenize@1.1.0/denonext/micromark-util-subtokenize.mjs": "f84fbf2e9853e41e7fbe912705505be2233967270dba5f3b12f22eb4d4f68cf6",
    "https://esm.sh/v125/micromark-util-types@1.1.0/index.d.ts": "4cef6b76f45c58ff3044e1851afecd32be09fa6def7a626115b555b063e3e9ef",
    "https://esm.sh/v125/micromark@3.2.0/denonext/lib/parse.js": "a9a90718ee5eafb25b6f7f1f263c7be0a69919873a1cf1d8671829c7d2d1de55",
    "https://esm.sh/v125/micromark@3.2.0/denonext/lib/postprocess.js": "78af197d2906c033ae0f81ee5a9eb03b37d42cac0535f75e98174a948cae2fb5",
    "https://esm.sh/v125/micromark@3.2.0/denonext/lib/preprocess.js": "786db83c43e9d21f14bc37b6c05f061ca4a1db862ffed10c07ca1e6843f73fae",
    "https://esm.sh/v125/property-information@6.2.0/denonext/property-information.mjs": "c36042799161605d2ba2af318abf697a41e77e7ef5c80f5740de470db7776b9c",
    "https://esm.sh/v125/property-information@6.2.0/index.d.ts": "a9e5c5ec2c2f725d3076d5723936f9421b61aad61c70761a046887e78205faff",
    "https://esm.sh/v125/property-information@6.2.0/lib/find.d.ts": "946fb56407dd8761cb61b1670a6c7df7e12bd5ec4b543b23c627d6ed94d7ce6f",
    "https://esm.sh/v125/property-information@6.2.0/lib/hast-to-react.d.ts": "46ab5ea5cdbc0ce75ade44ec0d9aa164f81e42b061d8e573b832a73ed181da57",
    "https://esm.sh/v125/property-information@6.2.0/lib/normalize.d.ts": "d752d4dde165ab9bd56ddd111f59a6bf46eebbc6d4ba4e433f2ea21d1d0599e6",
    "https://esm.sh/v125/property-information@6.2.0/lib/util/info.d.ts": "7bd32cd2e05737c6a5041ca7a31ceca0c14ce065661c5d1ae5f7bfa35ff3fc5e",
    "https://esm.sh/v125/property-information@6.2.0/lib/util/schema.d.ts": "35fc1ace1046f537efd2a4f06cf58149465ccca6bc1045ee0bd27e58fcd53804",
    "https://esm.sh/v125/space-separated-tokens@2.0.2/denonext/space-separated-tokens.mjs": "f30773a9959cacfe7511c250e5d125a9f88ee00d3aef6e87b4d17fe49806b276",
    "https://esm.sh/v125/style-to-object@0.4.1/denonext/style-to-object.mjs": "af37a9824f1720c738a65c9c663a7aa838962e43547fa33e4f1278d4bcb07a2c",
    "https://esm.sh/v125/trim-lines@3.0.1/denonext/trim-lines.mjs": "f01a20253341eb2554f307ab05bc9cd93d6f33bcbb24fde2fc9fcd857564283e",
    "https://esm.sh/v125/unist-util-generated@2.0.1/denonext/unist-util-generated.mjs": "ff9c54405f6aedb39847fd975a3f528129089e74dd61e9408d5b1b09d8a13dc1",
    "https://esm.sh/v125/unist-util-is@5.2.1/denonext/unist-util-is.mjs": "771abea65db57c71e2a3d98200242c362337617e63881fc9954e891dde32277c",
    "https://esm.sh/v125/unist-util-position@4.0.4/denonext/unist-util-position.mjs": "be87a00f3663c09267443ef900692719014d966ef84969cb9ad7b9cfc4cd6157",
    "https://esm.sh/v125/unist-util-stringify-position@3.0.3/denonext/unist-util-stringify-position.mjs": "e3b2256d68ec8d5ceeb204afe84492e69182ad264a876309a33def43aa34111d",
    "https://esm.sh/v125/unist-util-visit-parents@5.1.3/denonext/unist-util-visit-parents.mjs": "db81c9690b43c24a4d9f46991505cae6879f2556c0f0cddf055865a01a6249e2",
    "https://esm.sh/v125/unist-util-visit@4.1.2/denonext/unist-util-visit.mjs": "dd8fe5831d9ce604f036f68950baa122f516b4752b4996e9e266cd949b4b1440",
    "https://esm.sh/v125/vfile-message@3.1.4/denonext/vfile-message.mjs": "4509b1ee1987b1482e87db802526db75875d8d0fcdecfe235a0b43939996cfbb",
    "https://esm.sh/v126/@types/hast@2.3.4/index.d.ts": "394b2653905839c7fe4c7b7d91bc2f3e16a28e4d6551ed681ea1002fbbadca8e",
    "https://esm.sh/v126/@types/mdast@3.0.11/index.d.ts": "177b2631defd4d60dc1d0d1e6d718c783b4d2a80b044d8c4b38bba50de5dc9b1",
    "https://esm.sh/v126/@types/unist@2.0.6/index.d.ts": "cddf5c26907c0b8378bc05543161c11637b830da9fadf59e02a11e675d11e180",
    "https://esm.sh/v126/ccount@2.0.1/denonext/ccount.mjs": "7b32092651a866fcc992c028982ce5e911356da7653baa3febb1a8ccb93e30f8",
    "https://esm.sh/v126/character-entities@2.0.2/denonext/character-entities.mjs": "9e8657f056310ac3ca8058eaf96cef695ee13a4bf6c302674796a882464f305c",
    "https://esm.sh/v126/comma-separated-tokens@2.0.3/denonext/comma-separated-tokens.mjs": "ad5df8a36487e0a63d15bbbb6bab8b153e08583d0d5eb6d0058cd0fc619252e0",
    "https://esm.sh/v126/decode-named-character-reference@1.0.2/denonext/decode-named-character-reference.mjs": "311744565c97732b6cc0694072ccc802a68432f081748becdf8547d433bddcb5",
    "https://esm.sh/v126/entities@4.5.0/denonext/lib/decode.js": "7fea6d8bd725edbbf7ea05031d2ea1bbbc1166dc11e3345d541198dd2dc16f1e",
    "https://esm.sh/v126/entities@4.5.0/denonext/lib/escape.js": "7ebdc622bf3618bab25db40da4a49e2b9d03f044745f125f0bc3359f2d060def",
    "https://esm.sh/v126/escape-string-regexp@5.0.0/denonext/escape-string-regexp.mjs": "6080dd39c43a11f999a41172a27b8c58572d747d8276c039d93d4be8b21747a5",
    "https://esm.sh/v126/extend@3.0.2/denonext/extend.mjs": "6ab9e4890dfa54ec88fa326fca525c211141d6da72188f54e9610d1281219c9e",
    "https://esm.sh/v126/hast-util-from-parse5@7.1.2/denonext/hast-util-from-parse5.mjs": "b754bab381a44997bb7914c5d601ad9220066d62936069fba63ec15c60350961",
    "https://esm.sh/v126/hast-util-parse-selector@3.1.1/denonext/hast-util-parse-selector.mjs": "df576c8298a048d9aad89506f5884db91bc249bb6e221b9fd3b228eb40980a62",
    "https://esm.sh/v126/hast-util-raw@8.0.0/denonext/hast-util-raw.mjs": "82c1e2f06010fd42deffeebbc25df4c5cd14f68bb0161f7605fa976ad0787f73",
    "https://esm.sh/v126/hast-util-raw@8.0.0/index.d.ts": "99305af440c213ecd6c11714c7a50336ec6da8dc6f80984ade4d6e61244057f3",
    "https://esm.sh/v126/hast-util-raw@8.0.0/lib/index.d.ts": "dee6547e24cb2952b0de64547004641fb0a6644804ca0f901ce4c2580297ebf7",
    "https://esm.sh/v126/hast-util-to-parse5@7.1.0/denonext/hast-util-to-parse5.mjs": "08f4c02fc44ec815abed221d404dfe030554597efd4e839ed497ec8783de7ab7",
    "https://esm.sh/v126/hastscript@7.2.0/denonext/hastscript.mjs": "36e45193cfdd45411b68d89f4e800a5ceacd124d20e740fc57ebbe19f568d70f",
    "https://esm.sh/v126/html-void-elements@2.0.1/denonext/html-void-elements.mjs": "10f57d4f9d680bf2de32538d6aaf879f20d4ee02dd57879aa232319d6c984f54",
    "https://esm.sh/v126/markdown-table@3.0.3/denonext/markdown-table.mjs": "1dd9cb2d2d95fc440cc10489ac77bf979c944e76070997d962e05f627f45df0e",
    "https://esm.sh/v126/markdown-table@3.0.3/index.d.ts": "d6fdaeb6f1e4e29d7827e30d743dfef5cb6c8bca4bc546001a3b3e751a2de06c",
    "https://esm.sh/v126/mdast-util-find-and-replace@2.2.2/denonext/mdast-util-find-and-replace.mjs": "27ff9880b31a41249e54f79134fc1c68b759e4a7c8f38eaf42eb6d9e553a08ac",
    "https://esm.sh/v126/mdast-util-from-markdown@1.3.1/index.d.ts": "f20e31b5b4323b34bdc6cd93a476fb2514128af4e8cbb180513a0c2a13b30285",
    "https://esm.sh/v126/mdast-util-from-markdown@1.3.1/lib/index.d.ts": "d475e46fcb27dbdc46d73caea737e1c27ed92d4ca7dd60d4d947a533a0bc7335",
    "https://esm.sh/v126/mdast-util-gfm-autolink-literal@1.0.3/denonext/mdast-util-gfm-autolink-literal.mjs": "8fa40ac7906309aeb7f8d6b25af97394b818fdab50f3d3487eff566ad9cfe1e0",
    "https://esm.sh/v126/mdast-util-gfm-footnote@1.0.2/denonext/mdast-util-gfm-footnote.mjs": "eec1fbdc934dfb1724bb9bcb0cbeb03affe186b669639211cc8e5323787c69cf",
    "https://esm.sh/v126/mdast-util-gfm-strikethrough@1.0.3/denonext/mdast-util-gfm-strikethrough.mjs": "7417536067575e9dfcbc400d8229572b2b62b3b13e6c0a17e211cbfffaebfb70",
    "https://esm.sh/v126/mdast-util-gfm-table@1.0.7/denonext/mdast-util-gfm-table.mjs": "9d220e873b6d18dc65e4e4dd39960993bac3f7d72f2f86e3620674ddb1dca3d0",
    "https://esm.sh/v126/mdast-util-gfm-table@1.0.7/index.d.ts": "d5745941c3aa618f1c26c4ecbce790ef8482e3eca03497738b6eea4620ffad0f",
    "https://esm.sh/v126/mdast-util-gfm-table@1.0.7/lib/index.d.ts": "f7076cf8d5df1c954acc9585204f04b6767ab21e2699493719ee335871fd94c7",
    "https://esm.sh/v126/mdast-util-gfm-task-list-item@1.0.2/denonext/mdast-util-gfm-task-list-item.mjs": "5286a3bd2a2a785307e5e627629dcae9e3cecaf6610a735c47fae846d3cade9f",
    "https://esm.sh/v126/mdast-util-gfm@2.0.2/denonext/mdast-util-gfm.mjs": "dc44251bc76da29bd9fca6cf26fa860e6c3e96f0cadf997036b21065837f8ad3",
    "https://esm.sh/v126/mdast-util-gfm@2.0.2/index.d.ts": "9a5fea095a9ba59fe3038060ca55772a688cc57ff77950053936c62ca342a8c7",
    "https://esm.sh/v126/mdast-util-gfm@2.0.2/lib/index.d.ts": "98fa6291e00fff555d483c5a04b5400aed726cced47be8272e5e5e3bd483fffd",
    "https://esm.sh/v126/mdast-util-to-hast@12.3.0/index.d.ts": "6629cfcd6dbc95a268d4dc6d03a2dd03ce3d4ce08fb8308a09e545b14436c5a2",
    "https://esm.sh/v126/mdast-util-to-hast@12.3.0/lib/handlers/blockquote.d.ts": "9a9fd9aa2849446ee116e4b7915d5ba6b93980fa57d649c90f485e98cbdf192a",
    "https://esm.sh/v126/mdast-util-to-hast@12.3.0/lib/handlers/break.d.ts": "86fdc2b1afdfbb82d224d81b8921ff65a4b8b978984f6d64ed474a11940ff75e",
    "https://esm.sh/v126/mdast-util-to-hast@12.3.0/lib/handlers/code.d.ts": "02ae62f29bda42bb59c524c0db3262a7db9e3f5c4338490c389ecc2857d18397",
    "https://esm.sh/v126/mdast-util-to-hast@12.3.0/lib/handlers/delete.d.ts": "7164c4215e6d1f69e8e1db6970e1be3b672f8c07c0b084babf9e4d1b9a196d66",
    "https://esm.sh/v126/mdast-util-to-hast@12.3.0/lib/handlers/emphasis.d.ts": "6dd8fe52221538ff2c1bf76ebe8bba3eaa1b39264c49937bdd73c7f776cb2de6",
    "https://esm.sh/v126/mdast-util-to-hast@12.3.0/lib/handlers/footnote-reference.d.ts": "4fd58fe6bd76a3d4e534dbbb769b65a2ab87130a901d9dcdaef033de498ce5d1",
    "https://esm.sh/v126/mdast-util-to-hast@12.3.0/lib/handlers/footnote.d.ts": "b3a0940c71894a33d0174caa28086233f9960d761e494ca2380c540b23ab1ae1",
    "https://esm.sh/v126/mdast-util-to-hast@12.3.0/lib/handlers/heading.d.ts": "e2a961f3e1a97fed439184ab2f28e0944d1615cb95288a525fb4a28edde307a3",
    "https://esm.sh/v126/mdast-util-to-hast@12.3.0/lib/handlers/html.d.ts": "9a879cf6a4df987faf4fdcc129ebf1b7664d354442e52d70ef5d0cddf899433d",
    "https://esm.sh/v126/mdast-util-to-hast@12.3.0/lib/handlers/image-reference.d.ts": "dd49a7b5aee5afc0226cb23c34df6f9a48640adf86b83c61b37c129f7bf580ab",
    "https://esm.sh/v126/mdast-util-to-hast@12.3.0/lib/handlers/image.d.ts": "586945607ee352d2acef1e5df7e6dad7b0bfcbe9d8ff2f177043b1816aa80ae4",
    "https://esm.sh/v126/mdast-util-to-hast@12.3.0/lib/handlers/index.d.ts": "9c51cffe4cbf5ea52e4dd02d6d0cbf72c045b7abb0e2ef750aa598887e8a3df4",
    "https://esm.sh/v126/mdast-util-to-hast@12.3.0/lib/handlers/inline-code.d.ts": "d3a9319b4c23d437efd3fb66a42a231d14329d0d3d935232d437855000d67a3a",
    "https://esm.sh/v126/mdast-util-to-hast@12.3.0/lib/handlers/link-reference.d.ts": "055639cd6541757fec9745f1aa74e654362a8845ca03789747b47832df5f4787",
    "https://esm.sh/v126/mdast-util-to-hast@12.3.0/lib/handlers/link.d.ts": "8edf09c3598608448ed1d481b1e8b712025fd97f0e639bcfaee15d0fa54e8647",
    "https://esm.sh/v126/mdast-util-to-hast@12.3.0/lib/handlers/list-item.d.ts": "6fc4f346442a5f58c825c322152bd0b3ce5d6494fff6da095e4bbe655dd04037",
    "https://esm.sh/v126/mdast-util-to-hast@12.3.0/lib/handlers/list.d.ts": "3ad0e70732927f65bb23dcca46ab622636cfbe0071b73ed21af5ba4aaaf3a708",
    "https://esm.sh/v126/mdast-util-to-hast@12.3.0/lib/handlers/paragraph.d.ts": "23d2a672fa32880a8cf1e30e0705e4054f6c72287fe1860c3794a887fd935bf4",
    "https://esm.sh/v126/mdast-util-to-hast@12.3.0/lib/handlers/root.d.ts": "7566c0d66b56582f0f93370f4d03621ca1ec3762baadf7d1de6848fcf27eae61",
    "https://esm.sh/v126/mdast-util-to-hast@12.3.0/lib/handlers/strong.d.ts": "3d4307b937b185d267e2ec769af2f918b8786002f15df3343130c62faaa1247d",
    "https://esm.sh/v126/mdast-util-to-hast@12.3.0/lib/handlers/table-cell.d.ts": "a403f087d298c0874daac9a479bbbac9f380b2c7a9f897f64224f5703b08411d",
    "https://esm.sh/v126/mdast-util-to-hast@12.3.0/lib/handlers/table-row.d.ts": "6b07439519daf1eb113dbae932a53df1ec564c876a708dc62d8168956e9d7c68",
    "https://esm.sh/v126/mdast-util-to-hast@12.3.0/lib/handlers/table.d.ts": "9220850563381d54b778781486a032dddd5a422db89a05fff4e0cd8c2df28388",
    "https://esm.sh/v126/mdast-util-to-hast@12.3.0/lib/handlers/text.d.ts": "094e300122d71324441c29ce32e30b1c7706ef5baebbbae17093d058898b8cb6",
    "https://esm.sh/v126/mdast-util-to-hast@12.3.0/lib/handlers/thematic-break.d.ts": "d5554c4784d363be42b696c5900ac482cb05f666850396af99df5551d1842a1a",
    "https://esm.sh/v126/mdast-util-to-hast@12.3.0/lib/index.d.ts": "005aa7619febc80b3f8ee0f269bac8c519e67ba04e4fe107b2b3ff5343b9c163",
    "https://esm.sh/v126/mdast-util-to-hast@12.3.0/lib/state.d.ts": "0701a43a2fe89c2556c23f0bc57437aad8b63165f9a35fbdc8e228730a38c760",
    "https://esm.sh/v126/mdast-util-to-markdown@1.5.0/denonext/lib/handle/inline-code.js": "25f46b363e45574512e3d3b6809723e1932ab5f083844f678d328fcbcceb0de7",
    "https://esm.sh/v126/mdast-util-to-markdown@1.5.0/denonext/lib/handle/list-item.js": "eb22d954d06771aefcb41c19eb7f3cb33da6fc2c19b32b03f775494e1434b46a",
    "https://esm.sh/v126/mdast-util-to-markdown@1.5.0/denonext/lib/util/association.js": "ba392fdba6b10c10f05d72ec4b6347f11354d2b0eadbe8dae9c55e4dc11c70ab",
    "https://esm.sh/v126/mdast-util-to-markdown@1.5.0/denonext/lib/util/check-bullet.js": "e83d8c646baf55f05e748d79b1385f9fe3cfd6777fb1bed12db9e7158d919923",
    "https://esm.sh/v126/mdast-util-to-markdown@1.5.0/denonext/lib/util/check-list-item-indent.js": "078ba786c4ce3e8856293bd07a3d1f90c2361fe0105515318db91826ffade50d",
    "https://esm.sh/v126/mdast-util-to-markdown@1.5.0/denonext/lib/util/container-flow.js": "3735de16d58105c485c3eb304a700407b6108d81812c7623c50803dc68fa9498",
    "https://esm.sh/v126/mdast-util-to-markdown@1.5.0/denonext/lib/util/container-phrasing.js": "d37cbf5f47656c0dca1c974e7438383f1ad0d2f376ec8351d25a89ee46ff050f",
    "https://esm.sh/v126/mdast-util-to-markdown@1.5.0/denonext/lib/util/indent-lines.js": "f0c00ce02a330300bc74968470617e408bcdf48dd85e640e79aab57ed443bf4f",
    "https://esm.sh/v126/mdast-util-to-markdown@1.5.0/denonext/lib/util/pattern-compile.js": "4ebc0164937098ef8af0b629194b40311f26ac5f8133249f1650110fc9e64c50",
    "https://esm.sh/v126/mdast-util-to-markdown@1.5.0/denonext/lib/util/pattern-in-scope.js": "63e242dc83469e5120302533bdbeb7a4a9a778d336b1e785a9dc5a436c620145",
    "https://esm.sh/v126/mdast-util-to-markdown@1.5.0/denonext/lib/util/safe.js": "6e9a1380c5029bc9e0cd9967420e3021279097ff0821247e85d5b11808058a39",
    "https://esm.sh/v126/mdast-util-to-markdown@1.5.0/denonext/lib/util/track.js": "a91cdbfc1a4aed4b623ec3a5a553745b55fa8554722304ce31a4b6b98645d33d",
    "https://esm.sh/v126/mdast-util-to-markdown@1.5.0/index.d.ts": "4ae65c60b771ce95470db3a6816ab150917250bcb982debcebeec0cfe4f75136",
    "https://esm.sh/v126/mdast-util-to-markdown@1.5.0/lib/handle/blockquote.d.ts": "c55381a9ec757d3b60ae4c513bf5b671062536b7392c0d4ad94325117c38a340",
    "https://esm.sh/v126/mdast-util-to-markdown@1.5.0/lib/handle/break.d.ts": "5e3cde4903a3bd1d2534494a21172693ba78e29b61020baa93a42e8983b06208",
    "https://esm.sh/v126/mdast-util-to-markdown@1.5.0/lib/handle/code.d.ts": "89eef4638611364288e8718d39cd2cbf7e0101f22b51c91dcb44e26fda4f2ddf",
    "https://esm.sh/v126/mdast-util-to-markdown@1.5.0/lib/handle/definition.d.ts": "d37026f0f79c690068e9748accdcf93482f6beba6eb8abed00dfe29f97fdda70",
    "https://esm.sh/v126/mdast-util-to-markdown@1.5.0/lib/handle/emphasis.d.ts": "a190215f9b09f1f02559fdd51e0e681cd8e121547b1ed6e26ddf60196010cfbd",
    "https://esm.sh/v126/mdast-util-to-markdown@1.5.0/lib/handle/heading.d.ts": "3696ac86d70cbd69aec5da2e5e4fa901c179fce6501de72c9e6e94cd4b1a7885",
    "https://esm.sh/v126/mdast-util-to-markdown@1.5.0/lib/handle/html.d.ts": "14c84dfbe528dcfb2921b39245e8947a14f0f09da89c113c0d99ff55b22de2e2",
    "https://esm.sh/v126/mdast-util-to-markdown@1.5.0/lib/handle/image-reference.d.ts": "4710d2e5359763bfa18622f2a1d13f488320fce1a220a3bef73cc7b6292b19f3",
    "https://esm.sh/v126/mdast-util-to-markdown@1.5.0/lib/handle/image.d.ts": "bf4d6548af9c459c1aafa81617f9168d121b2cbd231f6adc015b9aa424c43732",
    "https://esm.sh/v126/mdast-util-to-markdown@1.5.0/lib/handle/index.d.ts": "9603f45f09b41807962e338d1fbaf496d25575463c08e61b11bcddbad052d10d",
    "https://esm.sh/v126/mdast-util-to-markdown@1.5.0/lib/handle/inline-code.d.ts": "c2e4c11578cbfb33501b1f44900312607c23e1ea3f66cb0ac9d533537e9f8f9a",
    "https://esm.sh/v126/mdast-util-to-markdown@1.5.0/lib/handle/link-reference.d.ts": "5772725cf7bc6fc6f8af8ba89371baf1df0a3f939090f60ea1e147a5f14f80f6",
    "https://esm.sh/v126/mdast-util-to-markdown@1.5.0/lib/handle/link.d.ts": "0f546fdc50f9b13eb9ed464d33c768726d53a2e2bcbc9ca501d06fd2a43c6c3a",
    "https://esm.sh/v126/mdast-util-to-markdown@1.5.0/lib/handle/list-item.d.ts": "357ce8bd34101b18a4af7d019018c692bb215e4750f3542d27181e97a5a04270",
    "https://esm.sh/v126/mdast-util-to-markdown@1.5.0/lib/handle/list.d.ts": "981f1eb5c9b295c66066fbead96b381195feb32fd6e92680557de33db81772fd",
    "https://esm.sh/v126/mdast-util-to-markdown@1.5.0/lib/handle/paragraph.d.ts": "9b5fb55bdd40854542878fdeaad062cceaba8310315c4d73dbea527161f6f5de",
    "https://esm.sh/v126/mdast-util-to-markdown@1.5.0/lib/handle/root.d.ts": "8537a2b7d99b6f9e2397c9e7dca13e5d3814edaef47f47cc733fb39a874be7c1",
    "https://esm.sh/v126/mdast-util-to-markdown@1.5.0/lib/handle/strong.d.ts": "2f1a6b5e7ae42511ad66c057aaeaa1a5f4ad7986906b072cbd1b4a8eed1f2cc5",
    "https://esm.sh/v126/mdast-util-to-markdown@1.5.0/lib/handle/text.d.ts": "5e2b6d03e78ef66baabb5d2c0aa636ec1fb5275e7934439180a1eaad42258361",
    "https://esm.sh/v126/mdast-util-to-markdown@1.5.0/lib/handle/thematic-break.d.ts": "9c6c549166bfd8acdfd57c7b7dbcc6477a2319cfca99ca90e7d495034c819ba1",
    "https://esm.sh/v126/mdast-util-to-markdown@1.5.0/lib/index.d.ts": "8d85391c069a2ea0c0779abc56e48347dd8a885d4fefe1d09f3cfa4a252e4bfd",
    "https://esm.sh/v126/mdast-util-to-markdown@1.5.0/lib/types.d.ts": "9d05227ae3362a8e3a4f2b89f6bc8641f2c20f37bf818f7b4d59a7d59c65725b",
    "https://esm.sh/v126/micromark-core-commonmark@1.1.0/denonext/micromark-core-commonmark.mjs": "ad946c67dd82b2973a625953e16ffb4d595c89a543fb5984f0446b29875d4185",
    "https://esm.sh/v126/micromark-extension-gfm-autolink-literal@1.0.5/denonext/micromark-extension-gfm-autolink-literal.mjs": "cecd9d14e62b6597475383b79d4d1c9c4d0d5515f266051b58aca1b301fe6e7b",
    "https://esm.sh/v126/micromark-extension-gfm-footnote@1.1.2/denonext/micromark-extension-gfm-footnote.mjs": "b2c2733d505c04432d5c8c8228056a7a05ba9c2ebd1981bcda930ac9b6d5cd7b",
    "https://esm.sh/v126/micromark-extension-gfm-footnote@1.1.2/index.d.ts": "6b779918e88dc191db545f67c73d849ae74fbe2f7b1e19239140e5718a646a37",
    "https://esm.sh/v126/micromark-extension-gfm-footnote@1.1.2/lib/html.d.ts": "e28df8ebd97095e724db1164de282515ad754ae1487d7381d6113d5d25a1decd",
    "https://esm.sh/v126/micromark-extension-gfm-footnote@1.1.2/lib/syntax.d.ts": "5396e77b03d56860f2af7a31ecfcd5d94aec9f588b08bfcd0238b07e618c138d",
    "https://esm.sh/v126/micromark-extension-gfm-strikethrough@1.0.7/denonext/micromark-extension-gfm-strikethrough.mjs": "aec3746717bd00c7fd30eaad06702dbf7eb390e841dbf05f40468bd200d5b009",
    "https://esm.sh/v126/micromark-extension-gfm-strikethrough@1.0.7/index.d.ts": "b9ac3f498079c017b7386aeb5b8feb879581038b366448e0fdd7d75fb2bf2fbb",
    "https://esm.sh/v126/micromark-extension-gfm-strikethrough@1.0.7/lib/html.d.ts": "9680daf7073d8cee3b945b0a46acd89a72e73514998d10a4d3c0722413d7ea10",
    "https://esm.sh/v126/micromark-extension-gfm-strikethrough@1.0.7/lib/syntax.d.ts": "99714110e21edf483cb6097acdb642424e2f9898cce4f0acd7128c0a34f1eb9e",
    "https://esm.sh/v126/micromark-extension-gfm-table@1.0.7/denonext/micromark-extension-gfm-table.mjs": "a0445ec1936c77f03b8ce22f59e0b360a365b9a63a42d85c0942a27caac856fb",
    "https://esm.sh/v126/micromark-extension-gfm-tagfilter@1.0.2/denonext/micromark-extension-gfm-tagfilter.mjs": "b5d2226cdadb016da79889a312bdd56561f7dd8c1a444efe92d79bba635ae119",
    "https://esm.sh/v126/micromark-extension-gfm-task-list-item@1.0.5/denonext/micromark-extension-gfm-task-list-item.mjs": "dc81d93919f801f95fcf339de54a412edd13eb97a656254524d4be15938759be",
    "https://esm.sh/v126/micromark-extension-gfm@2.0.3/denonext/micromark-extension-gfm.mjs": "268c501bb321ae4855d1703b26eb921805513d4aecf79abc5360200cad7d99fd",
    "https://esm.sh/v126/micromark-extension-gfm@2.0.3/index.d.ts": "3c1fef4f673f1ea5fbb0f6a37bd93ed8e7e48f314f11b8bfe9b3456562b1b9cb",
    "https://esm.sh/v126/micromark-factory-destination@1.1.0/denonext/micromark-factory-destination.mjs": "057d302d7a1e0c49e4a1be4b31da5e58954dfe4e8500eaf73351ffc062353ae6",
    "https://esm.sh/v126/micromark-factory-label@1.1.0/denonext/micromark-factory-label.mjs": "fd9ecc287b44f3c53b9b58b6433796bb7166ee04702600892eacb558832b47e6",
    "https://esm.sh/v126/micromark-factory-space@1.1.0/denonext/micromark-factory-space.mjs": "d355c0f3a415e7dcc22df8b1415c49bf01c68d7619b210876b25be6e68b7ef6b",
    "https://esm.sh/v126/micromark-factory-title@1.1.0/denonext/micromark-factory-title.mjs": "883e9d955683ce87dfadeaaa7ff5e2504fe7acfaa19511f4f9483c86e77f370c",
    "https://esm.sh/v126/micromark-factory-whitespace@1.1.0/denonext/micromark-factory-whitespace.mjs": "3f0560f28b80c3d371b040b613d9def29af66025c85489ccb19339c43b38d8a6",
    "https://esm.sh/v126/micromark-util-character@1.2.0/denonext/micromark-util-character.mjs": "be2f95646c829378e2f33d0e8b03e7e057f2387cd54f9c18c3d48a87fbc909c9",
    "https://esm.sh/v126/micromark-util-chunked@1.1.0/denonext/micromark-util-chunked.mjs": "896f816c52b791283f998076bcea3ff9a4bbd2bf858d96be6079400939ae8c9d",
    "https://esm.sh/v126/micromark-util-classify-character@1.1.0/denonext/micromark-util-classify-character.mjs": "212d21f0ab913eab58ca95b7501ec7581224b837ca6eb336f2447a9305a16bfc",
    "https://esm.sh/v126/micromark-util-combine-extensions@1.1.0/denonext/micromark-util-combine-extensions.mjs": "eca0adf8ce491fec952cfb095002991076dc11fe8452880a4f66aa4f4fd5a9e7",
    "https://esm.sh/v126/micromark-util-decode-numeric-character-reference@1.1.0/denonext/micromark-util-decode-numeric-character-reference.mjs": "d9d2a8fc3648db44a49c0284d088db354b39c5623e1497c4127ad103594a7948",
    "https://esm.sh/v126/micromark-util-decode-string@1.1.0/denonext/micromark-util-decode-string.mjs": "40853eb51ebb358b05472b5af0ad480e2c2b0e589d7711316c86f0972b91bee7",
    "https://esm.sh/v126/micromark-util-encode@1.1.0/denonext/micromark-util-encode.mjs": "e9c399d8913ebe2b736a8259fb061740fd8ad632e7f933e27fb67f442c7e48e3",
    "https://esm.sh/v126/micromark-util-html-tag-name@1.2.0/denonext/micromark-util-html-tag-name.mjs": "81ed9b1fe3f6dd5290991b4bf39d034ddfd6cdbb4f5352ab61769e4c2eb3fbd3",
    "https://esm.sh/v126/micromark-util-normalize-identifier@1.1.0/denonext/micromark-util-normalize-identifier.mjs": "27b873a22954a139d8215b722b0a867b4f1f718cd261ea3f884f997a0d3e0e08",
    "https://esm.sh/v126/micromark-util-resolve-all@1.1.0/denonext/micromark-util-resolve-all.mjs": "ee8f55a86b2bfcc1be3d15bbd8b106755a51916ae4c75c962cc044f6b2a22d46",
    "https://esm.sh/v126/micromark-util-sanitize-uri@1.2.0/denonext/micromark-util-sanitize-uri.mjs": "0eb8e90e9caaf60f6980cb894f7b106f4ecdcf1dc65235e2badeaa95655a423a",
    "https://esm.sh/v126/micromark-util-subtokenize@1.1.0/denonext/micromark-util-subtokenize.mjs": "536d895eb2d6c2d5407e10bad3744634106bba4d73e6b4d032efa2d304963982",
    "https://esm.sh/v126/micromark-util-types@1.1.0/index.d.ts": "4cef6b76f45c58ff3044e1851afecd32be09fa6def7a626115b555b063e3e9ef",
    "https://esm.sh/v126/parse5@7.1.2/denonext/parse5.mjs": "6a186c0ad98e0ad1adb56d7cbfab2a036222511eeeb7dec6f2c87e4d76807a26",
    "https://esm.sh/v126/parse5@7.1.2/dist/common/error-codes.d.ts": "20eee36f66b4d11cafdbfcf6ef94f8ba7a3f807d47e93f1e9aff9626385552ac",
    "https://esm.sh/v126/parse5@7.1.2/dist/common/foreign-content.d.ts": "c5404e44d82481de13e5475e8ca5d078f3ab9c6db79402304807e19954d48e0a",
    "https://esm.sh/v126/parse5@7.1.2/dist/common/html.d.ts": "079b83d3586b16307e086a71c76121be15c233505bd8b58873b394da8d1bf2e8",
    "https://esm.sh/v126/parse5@7.1.2/dist/common/token.d.ts": "5bef75d42788d1f8191bf40487257eac05596f7b30a48c86071a05e9df22196a",
    "https://esm.sh/v126/parse5@7.1.2/dist/index.d.ts": "5950af1a205be77be8d5417b79c47718ae1199e865e83be74f68038aa111a2e8",
    "https://esm.sh/v126/parse5@7.1.2/dist/parser/formatting-element-list.d.ts": "b51917ebe09bc196b7258d73336e7929323be788bacf0da5129aa7b3818ffed5",
    "https://esm.sh/v126/parse5@7.1.2/dist/parser/index.d.ts": "1440bb339cf31fd19548ee1a4cf76c5407755fa18dce0407775f1116b1af772f",
    "https://esm.sh/v126/parse5@7.1.2/dist/parser/open-element-stack.d.ts": "45c0c45628ac836809326c6bb3a460b0ed2badb9d048010cdbeabd165c40225f",
    "https://esm.sh/v126/parse5@7.1.2/dist/serializer/index.d.ts": "0628ab347e1b089de8de885418d7f2080bd40f5adacd9e4b7acd59fa8a23e24e",
    "https://esm.sh/v126/parse5@7.1.2/dist/tokenizer/index.d.ts": "f00e2225d74db630612d259ffbe641b475b984451abad6b288084ce15f329430",
    "https://esm.sh/v126/parse5@7.1.2/dist/tokenizer/preprocessor.d.ts": "f10ad5c2b19619111428aca33cb4b1d19eb3bc0f0030ccb0d91461c421c9bdab",
    "https://esm.sh/v126/parse5@7.1.2/dist/tree-adapters/default.d.ts": "3527b1fe65f1fdbd91ed52e44e792fe11e1f0f45ea59b46f1babf9ae8835e427",
    "https://esm.sh/v126/parse5@7.1.2/dist/tree-adapters/interface.d.ts": "6ee43b3ef5aa656e49339a3fbdad56806ff5117b0bda58c5e84e0570ccad0bcc",
    "https://esm.sh/v126/property-information@6.2.0/denonext/property-information.mjs": "c36042799161605d2ba2af318abf697a41e77e7ef5c80f5740de470db7776b9c",
    "https://esm.sh/v126/space-separated-tokens@2.0.2/denonext/space-separated-tokens.mjs": "f30773a9959cacfe7511c250e5d125a9f88ee00d3aef6e87b4d17fe49806b276",
    "https://esm.sh/v126/unist-util-is@5.2.1/denonext/unist-util-is.mjs": "771abea65db57c71e2a3d98200242c362337617e63881fc9954e891dde32277c",
    "https://esm.sh/v126/unist-util-position@4.0.4/denonext/unist-util-position.mjs": "be87a00f3663c09267443ef900692719014d966ef84969cb9ad7b9cfc4cd6157",
    "https://esm.sh/v126/unist-util-visit-parents@5.1.3/denonext/unist-util-visit-parents.mjs": "ded52b134215d6eeffcd2bbbd28a48cf776b0cabc5cea69ab4d4c08179cdf8d3",
    "https://esm.sh/v126/unist-util-visit@4.1.2/denonext/unist-util-visit.mjs": "880a7728c99ec460216c51bb6bc49b0ea02fe9cdf0ee34cb2d6dc4ec42cd452f",
    "https://esm.sh/v126/vfile-location@4.1.0/denonext/vfile-location.mjs": "aa64a017e8059406f649f12a564162b61f1fa6ac0e4498c250e4309a9bc617bf",
    "https://esm.sh/v126/vfile-message@3.1.4/index.d.ts": "79703e40043f1870bb6e562148308ec6681d033c18a6290f795af9fe04d6b20d",
    "https://esm.sh/v126/vfile-message@3.1.4/lib/index.d.ts": "48f54598a17df1159e4a018e40791626c478d47f4bcf75601cb8b5ad6f372984",
    "https://esm.sh/v126/vfile@5.3.7/index.d.ts": "3b3c84057d743497bfe6b543700f14e84841cf563240e759b584ca6afc54a4fb",
    "https://esm.sh/v126/vfile@5.3.7/lib/index.d.ts": "36d1b7d458f70dad17d8235d0a0d0cb21fc7b30cedb0f958a25a5696d43b06dd",
    "https://esm.sh/v126/vfile@5.3.7/lib/minurl.shared.d.ts": "8fa1868ab5af3818ff4746f383ea84206596e284f7dc5ffd40a0fac08ed093f9",
    "https://esm.sh/v126/web-namespaces@2.0.1/denonext/web-namespaces.mjs": "bc6ee363bbe40abddca68678e849584981176d9bde3728b4c5d47a5241dac7bf",
    "https://esm.sh/v126/zwitch@2.0.4/denonext/zwitch.mjs": "c0e8c246a1f38b425335ea78cc366a7801d3ef89701229a35f85a51310e6e49f"
  }
}
