{
  "version": "2",
  "remote": {
    "https://deno.land/std@0.189.0/_util/asserts.ts": "178dfc49a464aee693a7e285567b3d0b555dc805ff490505a8aae34f9cfb1462",
    "https://deno.land/std@0.189.0/_util/os.ts": "d932f56d41e4f6a6093d56044e29ce637f8dcc43c5a90af43504a889cf1775e3",
    "https://deno.land/std@0.189.0/async/abortable.ts": "fd682fa46f3b7b16b4606a5ab52a7ce309434b76f820d3221bdfb862719a15d7",
    "https://deno.land/std@0.189.0/async/deadline.ts": "58f72a3cc0fcb731b2cc055ba046f4b5be3349ff6bf98f2e793c3b969354aab2",
    "https://deno.land/std@0.189.0/async/debounce.ts": "adab11d04ca38d699444ac8a9d9856b4155e8dda2afd07ce78276c01ea5a4332",
    "https://deno.land/std@0.189.0/async/deferred.ts": "42790112f36a75a57db4a96d33974a936deb7b04d25c6084a9fa8a49f135def8",
    "https://deno.land/std@0.189.0/async/delay.ts": "73aa04cec034c84fc748c7be49bb15cac3dd43a57174bfdb7a4aec22c248f0dd",
    "https://deno.land/std@0.189.0/async/mod.ts": "f04344fa21738e5ad6bea37a6bfffd57c617c2d372bb9f9dcfd118a1b622e576",
    "https://deno.land/std@0.189.0/async/mux_async_iterator.ts": "70c7f2ee4e9466161350473ad61cac0b9f115cff4c552eaa7ef9d50c4cbb4cc9",
    "https://deno.land/std@0.189.0/async/pool.ts": "f1b8d3df4d7fd3c73f8cbc91cc2e8b8e950910f1eab94230b443944d7584c657",
    "https://deno.land/std@0.189.0/async/retry.ts": "c9248325ec08cc2cceb7618472e77589a51a25cee460e07b6096be34966c2ead",
    "https://deno.land/std@0.189.0/async/tee.ts": "47e42d35f622650b02234d43803d0383a89eb4387e1b83b5a40106d18ae36757",
    "https://deno.land/std@0.189.0/collections/_utils.ts": "5114abc026ddef71207a79609b984614e66a63a4bda17d819d56b0e72c51527e",
    "https://deno.land/std@0.189.0/collections/deep_merge.ts": "5a8ed29030f4471a5272785c57c3455fa79697b9a8f306013a8feae12bafc99a",
    "https://deno.land/std@0.189.0/collections/filter_values.ts": "5b9feaf17b9a6e5ffccdd36cf6f38fa4ffa94cff2602d381c2ad0c2a97929652",
    "https://deno.land/std@0.189.0/collections/sort_by.ts": "1202915ce874f76369109c75cf5fe34c90f2e6943f34bbbedde9d26e5785cef6",
    "https://deno.land/std@0.189.0/collections/without_all.ts": "a89f5da0b5830defed4f59666e188df411d8fece35a5f6ca69be6ca71a95c185",
    "https://deno.land/std@0.189.0/dotenv/mod.ts": "f5a8123741d1561ae8184a7f043bc097b15132c5171c651142b804b6dbc21853",
    "https://deno.land/std@0.189.0/encoding/base64.ts": "144ae6234c1fbe5b68666c711dc15b1e9ee2aef6d42b3b4345bf9a6c91d70d0d",
    "https://deno.land/std@0.189.0/flags/mod.ts": "17f444ddbee43c5487568de0c6a076c7729cfe90d96d2ffcd2b8f8adadafb6e8",
    "https://deno.land/std@0.189.0/fmt/bytes.ts": "f29cf69e0791d375f9f5d94ae1f0641e5a03b975f32ddf86d70f70fdf37e7b6a",
    "https://deno.land/std@0.189.0/fmt/colors.ts": "d67e3cd9f472535241a8e410d33423980bec45047e343577554d3356e1f0ef4e",
    "https://deno.land/std@0.189.0/fs/exists.ts": "29c26bca8584a22876be7cb8844f1b6c8fc35e9af514576b78f5c6884d7ed02d",
    "https://deno.land/std@0.189.0/http/etag.ts": "6ad8abbbb1045aabf2307959a2c5565054a8bf01c9824ddee836b1ff22706a58",
    "https://deno.land/std@0.189.0/http/file_server.ts": "fd99a7a0e1ac6f80873b1f812aa30ac64f96663971d061ced3a4d10b65048efe",
    "https://deno.land/std@0.189.0/http/http_status.ts": "8a7bcfe3ac025199ad804075385e57f63d055b2aed539d943ccc277616d6f932",
    "https://deno.land/std@0.189.0/http/method.ts": "e66c2a015cb46c21ab0bb3589aa4fca43143a506cb324ffdfd42d2edef7bc0c4",
    "https://deno.land/std@0.189.0/http/server.ts": "1b23463b5b36e4eebc495417f6af47a6f7d52e3294827a1226d2a1aab23d9d20",
    "https://deno.land/std@0.189.0/http/util.ts": "57bf151c8d4388bbd56ed01ece1720934252adc6f859f782392927f0f78964c0",
    "https://deno.land/std@0.189.0/media_types/_db.ts": "7606d83e31f23ce1a7968cbaee852810c2cf477903a095696cdc62eaab7ce570",
    "https://deno.land/std@0.189.0/media_types/_util.ts": "916efbd30b6148a716f110e67a4db29d6949bf4048997b754415dd7e42c52378",
    "https://deno.land/std@0.189.0/media_types/content_type.ts": "ad98a5aa2d95f5965b2796072284258710a25e520952376ed432b0937ce743bc",
    "https://deno.land/std@0.189.0/media_types/format_media_type.ts": "f5e1073c05526a6f5a516ac5c5587a1abd043bf1039c71cde1166aa4328c8baf",
    "https://deno.land/std@0.189.0/media_types/get_charset.ts": "18b88274796fda5d353806bf409eb1d2ddb3f004eb4bd311662c4cdd8ac173db",
    "https://deno.land/std@0.189.0/media_types/parse_media_type.ts": "835c4112e1357e95b4f10d7cdea5ae1801967e444f48673ff8f1cb4d32af9920",
    "https://deno.land/std@0.189.0/media_types/type_by_extension.ts": "daa801eb0f11cdf199445d0f1b656cf116d47dcf9e5b85cc1e6b4469f5ee0432",
    "https://deno.land/std@0.189.0/media_types/vendor/mime-db.v1.52.0.ts": "6925bbcae81ca37241e3f55908d0505724358cda3384eaea707773b2c7e99586",
    "https://deno.land/std@0.189.0/path/_constants.ts": "e49961f6f4f48039c0dfed3c3f93e963ca3d92791c9d478ac5b43183413136e0",
    "https://deno.land/std@0.189.0/path/_interface.ts": "6471159dfbbc357e03882c2266d21ef9afdb1e4aa771b0545e90db58a0ba314b",
    "https://deno.land/std@0.189.0/path/_util.ts": "d7abb1e0dea065f427b89156e28cdeb32b045870acdf865833ba808a73b576d0",
    "https://deno.land/std@0.189.0/path/common.ts": "ee7505ab01fd22de3963b64e46cff31f40de34f9f8de1fff6a1bd2fe79380000",
    "https://deno.land/std@0.189.0/path/glob.ts": "d479e0a695621c94d3fd7fe7abd4f9499caf32a8de13f25073451c6ef420a4e1",
    "https://deno.land/std@0.189.0/path/mod.ts": "ee161baec5ded6510ee1d1fb6a75a0f5e4b41f3f3301c92c716ecbdf7dae910d",
    "https://deno.land/std@0.189.0/path/posix.ts": "8b7c67ac338714b30c816079303d0285dd24af6b284f7ad63da5b27372a2c94d",
    "https://deno.land/std@0.189.0/path/separator.ts": "0fb679739d0d1d7bf45b68dacfb4ec7563597a902edbaf3c59b50d5bcadd93b1",
    "https://deno.land/std@0.189.0/path/win32.ts": "d186344e5583bcbf8b18af416d13d82b35a317116e6460a5a3953508c3de5bba",
    "https://deno.land/std@0.189.0/streams/byte_slice_stream.ts": "225d57263a34325d7c96cb3dafeb478eec0e6fd05cd0458d678752eadd132bb4",
    "https://deno.land/std@0.189.0/version.ts": "d60be0b94d4830f71d7bfaf91b0c0fec715df9f874e21944d7b60da15cd0587b",
    "https://deno.land/x/ahx_fns@v0.0.10/http/dev_server.ts": "b452054fb7b1dbca4789e9535964fd277f640b8acaa87d60b6654c207d568dbf",
    "https://deno.land/x/ahx_fns@v0.0.10/http/secure_localhost.ts": "a05dd4b493afc4b153ec68e5923d6677070d060340e78e0e7ef48ffd5f0930ee",
    "https://deno.land/x/ahx_fns@v0.0.10/http/server.ts": "2d3269dd0f8ac568bf5a0b50348cd1f7a602a3249bbdecff169a26b2e68c33cb",
    "https://deno.land/x/ahx_fns@v0.0.10/scripts/gen.ts": "349188f3fca345c2723759df2acd571866b2b60dfee0a630b7babcf162cc5aa9",
    "https://deno.land/x/http_fns@v0.0.14/cascade.ts": "d78aa0aabb06632d5942a9e7a409e612d87b45af87f38efc97dec04398abffb7",
    "https://deno.land/x/http_fns@v0.0.14/cors.ts": "95c3ef8c3a5c372816764c1916dbb14e18c509f0a883a3cc3fa4902a7fb76c2e",
    "https://deno.land/x/http_fns@v0.0.14/fallback.ts": "18a176b849f29441af61248adf7f3f6c856435d5c0f910026122039ea3e66a32",
    "https://deno.land/x/http_fns@v0.0.14/generate.ts": "ebebefd8f9542ff61e631071f6e8dca79e68f0a3ff3f6482cf6db7cec91fcb79",
    "https://deno.land/x/http_fns@v0.0.14/handle.ts": "c0a56aab398b44825ac9f6399ee2a507cca3bd3292fe29db268b43a555a43211",
    "https://deno.land/x/http_fns@v0.0.14/intercept.ts": "b99767878f12ded06cdd3ac878b889714aadb391ddf0834c3a972f895ec20d17",
    "https://deno.land/x/http_fns@v0.0.14/logger.ts": "79ed24a3547d6e6af0b0e68797084d410fed025dcf8602a14f19fe8a36a318da",
    "https://deno.land/x/http_fns@v0.0.14/method.ts": "faa43754c232e02f6ea828c6b04114fee6f2e9d1aa94106ea83cb273713da6c0",
    "https://deno.land/x/http_fns@v0.0.14/pattern.ts": "0005dbc23f889ec0ae8ff465bc7bc2c9c009d11833d12bda72467ac3fc2008d5",
    "https://deno.land/x/http_fns@v0.0.14/port.ts": "0ccefe1e6bdf9a3b5727eeb6246f39ea0ee40b0edd561f58fb1b3580f64b3380",
    "https://deno.land/x/http_fns@v0.0.14/response.ts": "0964100ff2c7bafa91630759be635d4951b8e5eb8dc31bd9e686b6b3e6bc80b6",
    "https://deno.land/x/http_fns@v0.0.14/static.ts": "120740d3ca7d1b50cae2a289a6d80acf23754637098124ff9eb442f00aa56148",
    "https://deno.land/x/http_fns@v0.0.14/types.ts": "537bb2a09446765d13fe18e7d5c55c7732720089895983c312fd499f39a57800",
    "https://deno.land/x/http_fns@v0.0.14/walk.ts": "04efdfb8930c84bb7c09f4455c63fbca723ec4c7b9722911c2100a7c08366743",
    "https://deno.land/x/http_render_fns@v0.0.1/jsx_preact/jsx-runtime.ts": "0eb7600ce73e4cef21dc64f37d4e7bc6c369884411c157d59acdd9ccfb599d70",
    "https://deno.land/x/http_render_fns@v0.0.1/jsx_preact/serialize.ts": "3b53122c762e1c4e50cba0b518cc1363f202675138584c0de02bf4e0e2b78caa",
    "https://deno.land/x/http_render_fns@v0.0.1/jsx_preact/types.ts": "ca588a1a949e82828755f3bbe6e25d047c6ab9e4371e770d8d206f4fc9d82e63",
    "https://deno.land/x/http_render_fns@v0.0.1/render_html.tsx": "019291958a3de79fb3388a6d73c92ddbde549bcdea2c508e652b86a461a808da",
    "https://deno.land/x/http_render_fns@v0.0.1/response.ts": "33a033e3f0a599b9a35d0264a31bd0dd271a1e056c92f28ff8cae71b49fdc6b9",
    "https://esm.sh/*preact-render-to-string@6.0.3?pin=v124": "24e8f29ca4ed9b8bdae78bb541fb790a7931d80b8f04882ef15281d9c0b7ce3f",
    "https://esm.sh/*preact@10.15.0&pin=v124/jsx-runtime": "09cf119951f39470ebab02ed6a1176992d0a757e95d2a22477111e57d4391d49",
    "https://esm.sh/preact@10.15.0?pin=v124": "1e8d3456991dde8934f649f8438794f0c40f1eaeedb829285c7acb5807aa3930",
    "https://esm.sh/stable/preact@10.15.0/X-ZS8q/deno/jsx-runtime.js": "36e0ac30b2c55de0a32e3929edb86c426ebfe30c985ed61e43bff5afbce05502",
    "https://esm.sh/stable/preact@10.15.0/deno/preact.mjs": "a5ce3f9331d537fb190ea0655f77fb1923e606799fb63bf7964c8ce6bd253baf",
    "https://esm.sh/v118/preact@10.15.0/X-ZS8q/jsx-runtime/src/index.d.ts": "e153460ed2b3fe2ad8b93696ecd48fbf73cd628b0b0ea6692b71804a3af69dfd",
    "https://esm.sh/v118/preact@10.15.0/X-ZS8q/src/index.d.ts": "65398710de6aa0a07412da79784e05e6e96763f51c7c91b77344d2d0af06385c",
    "https://esm.sh/v118/preact@10.15.0/X-ZS8q/src/jsx.d.ts": "1b91f662e58a27ec1af166842ac814c8665404d3789a76ff1e3248f009a29de6",
    "https://esm.sh/v118/preact@10.15.0/src/index.d.ts": "65398710de6aa0a07412da79784e05e6e96763f51c7c91b77344d2d0af06385c",
    "https://esm.sh/v118/preact@10.15.0/src/jsx.d.ts": "1b91f662e58a27ec1af166842ac814c8665404d3789a76ff1e3248f009a29de6",
    "https://esm.sh/v124/preact-render-to-string@6.0.3/X-ZS8q/deno/preact-render-to-string.mjs": "c2533e3a3402ac2948845a506cba1731bf1c3b56b008a22c39a88850c5fabe85",
    "https://esm.sh/v124/preact-render-to-string@6.0.3/X-ZS8q/src/index.d.ts": "b8fafa9f8ae9069eff148da320ed56acd5c3c95112c5e03d4796e15ac76b974c"
  }
}
