{
  "version": "3",
  "remote": {
    "https://cdn.jsdelivr.net/gh/jollytoad/deno-oauth2-client@oidc-2/mod.ts": "ea54c0a894d3303a80552ca65835b5b104d16415343b24e191f08e7f5db90ff7",
    "https://cdn.jsdelivr.net/gh/jollytoad/deno-oauth2-client@oidc-2/src/authorization_code_grant.ts": "36953750b75fb0a14fbf4e0e4bcc1d5ae0209d216d7b32f93a134b035ecf3d25",
    "https://cdn.jsdelivr.net/gh/jollytoad/deno-oauth2-client@oidc-2/src/client_credentials_grant.ts": "5bb9869925c5f5d11e8d66a86da37e2353107d57f57ec3a1480e197462e79be5",
    "https://cdn.jsdelivr.net/gh/jollytoad/deno-oauth2-client@oidc-2/src/errors.ts": "7603479b80386b5cc7e384c2af5f5262ed7c2123e4e297d9f21e95515f8a803a",
    "https://cdn.jsdelivr.net/gh/jollytoad/deno-oauth2-client@oidc-2/src/grant_base.ts": "0e3bfb7d901d359ca89583f69520b723b9f54f8525815c843ad59cafa1c04ce2",
    "https://cdn.jsdelivr.net/gh/jollytoad/deno-oauth2-client@oidc-2/src/implicit_grant.ts": "d5359aebbdaaff039c0d078890aa4ffa2869da19c521e535e15caf09c069e6b8",
    "https://cdn.jsdelivr.net/gh/jollytoad/deno-oauth2-client@oidc-2/src/oauth2_client.ts": "4e5ec26676661a3f69544826a4c27b30cc07dfcfc77f86981c324aaa53291a11",
    "https://cdn.jsdelivr.net/gh/jollytoad/deno-oauth2-client@oidc-2/src/pkce.ts": "d286a087cc8ef985b71a2bf391e9e9d86a78ac6d93e30c46e73006171aed0986",
    "https://cdn.jsdelivr.net/gh/jollytoad/deno-oauth2-client@oidc-2/src/refresh_token_grant.ts": "22cb1598e48fb037b4111a446573f7b48a3b361b58de58af17ba097221b12b54",
    "https://cdn.jsdelivr.net/gh/jollytoad/deno-oauth2-client@oidc-2/src/resource_owner_password_credentials.ts": "bd3df99d32eeebffb411c4a2d3c3d057395515fb41690a8d91460dd74b9bf466",
    "https://cdn.jsdelivr.net/gh/jollytoad/deno-oauth2-client@oidc-2/src/types.ts": "4485e4d5fd945be127d3e0e54998eebd531fa69902e1f9283bf5482cc7fc2c69",
    "https://deno.land/std@0.208.0/assert/assert.ts": "9a97dad6d98c238938e7540736b826440ad8c1c1e54430ca4c4e623e585607ee",
    "https://deno.land/std@0.208.0/assert/assertion_error.ts": "4d0bde9b374dfbcbe8ac23f54f567b77024fb67dbb1906a852d67fe050d42f56",
    "https://deno.land/std@0.208.0/async/delay.ts": "a6142eb44cdd856b645086af2b811b1fcce08ec06bb7d50969e6a872ee9b8659",
    "https://deno.land/std@0.208.0/async/mux_async_iterator.ts": "63b4fbbc2fa3832408e9b2f815b38a10a839821a7ffa131f348d6d2e479c4e5c",
    "https://deno.land/std@0.208.0/async/pool.ts": "47c1841cfa9c036144943d11747ddd44064f5baf8cb7ece25473ba873c6aceb0",
    "https://deno.land/std@0.208.0/bytes/concat.ts": "d3d420badeb4f26a0f2f3ce343725f937326aff1b4634b25341b12b27353aac4",
    "https://deno.land/std@0.208.0/bytes/copy.ts": "939d89e302a9761dcf1d9c937c7711174ed74c59eef40a1e4569a05c9de88219",
    "https://deno.land/std@0.208.0/cli/parse_args.ts": "9bea02050b3f302e706871ff87ecfa3ad82cc34249adbe0dcddfaac75bdb48ff",
    "https://deno.land/std@0.208.0/collections/filter_values.ts": "16e1fc456a7969e770ec5b89edf5ac97b295ca534b47c1a83f061b409aad7814",
    "https://deno.land/std@0.208.0/datetime/constants.ts": "b63a6b702e06fa028fb2ffa25e0cf775e3b21cf7f38e53a6f219e9641894dfbb",
    "https://deno.land/std@0.208.0/encoding/_util.ts": "f368920189c4fe6592ab2e93bd7ded8f3065b84f95cd3e036a4a10a75649dcba",
    "https://deno.land/std@0.208.0/encoding/base32.ts": "5c720222a86985b18f9b386fac5f4d5ec4e1be276e86a8410af82a2eac21e3c9",
    "https://deno.land/std@0.208.0/encoding/base64.ts": "81c0ecff5ccb402def58ca03d8bd245bd01da15a077d3362b568e991aa10f4d9",
    "https://deno.land/std@0.208.0/fmt/bytes.ts": "f29cf69e0791d375f9f5d94ae1f0641e5a03b975f32ddf86d70f70fdf37e7b6a",
    "https://deno.land/std@0.208.0/fmt/colors.ts": "34b3f77432925eb72cf0bfb351616949746768620b8e5ead66da532f93d10ba2",
    "https://deno.land/std@0.208.0/fs/_util.ts": "fbf57dcdc9f7bc8128d60301eece608246971a7836a3bb1e78da75314f08b978",
    "https://deno.land/std@0.208.0/fs/copy.ts": "ca19e4837965914471df38fbd61e16f9e8adfe89f9cffb0c83615c83ea3fc2bf",
    "https://deno.land/std@0.208.0/fs/empty_dir.ts": "7fba29ef2d03f3503cd512616efc0535984cf1bbe7ca9d098e8b4d0d88910120",
    "https://deno.land/std@0.208.0/fs/ensure_dir.ts": "dc64c4c75c64721d4e3fb681f1382f803ff3d2868f08563ff923fdd20d071c40",
    "https://deno.land/std@0.208.0/fs/ensure_file.ts": "39ac83cc283a20ec2735e956adf5de3e8a3334e0b6820547b5772f71c49ae083",
    "https://deno.land/std@0.208.0/fs/ensure_link.ts": "c15e69c48556d78aae31b83e0c0ece04b7b8bc0951412f5b759aceb6fde7f0ac",
    "https://deno.land/std@0.208.0/fs/ensure_symlink.ts": "b389c8568f0656d145ac7ece472afe710815cccbb2ebfd19da7978379ae143fe",
    "https://deno.land/std@0.208.0/fs/eol.ts": "8565e1e076c5baced170236617150a7833668658e000205d896fc54084309ce1",
    "https://deno.land/std@0.208.0/fs/exists.ts": "cb59a853d84871d87acab0e7936a4dac11282957f8e195102c5a7acb42546bb8",
    "https://deno.land/std@0.208.0/fs/expand_glob.ts": "4f98c508fc9e40d6311d2f7fd88aaad05235cc506388c22dda315e095305811d",
    "https://deno.land/std@0.208.0/fs/mod.ts": "bc3d0acd488cc7b42627044caf47d72019846d459279544e1934418955ba4898",
    "https://deno.land/std@0.208.0/fs/move.ts": "b4f8f46730b40c32ea3c0bc8eb0fd0e8139249a698883c7b3756424cf19785c9",
    "https://deno.land/std@0.208.0/fs/walk.ts": "c1e6b43f72a46e89b630140308bd51a4795d416a416b4cfb7cd4bd1e25946723",
    "https://deno.land/std@0.208.0/html/entities.ts": "43f208131bb847e6e222c9dd50322066491da93ed945a93d778923ef7e975398",
    "https://deno.land/std@0.208.0/http/_negotiation/common.ts": "14d1a52427ab258a4b7161cd80e1d8a207b7cc64b46e911780f57ead5f4323c6",
    "https://deno.land/std@0.208.0/http/_negotiation/encoding.ts": "ff747d107277c88cb7a6a62a08eeb8d56dad91564cbcccb30694d5dc126dcc53",
    "https://deno.land/std@0.208.0/http/_negotiation/language.ts": "7bcddd8db3330bdb7ce4fc00a213c5547c1968139864201efd67ef2d0d51887d",
    "https://deno.land/std@0.208.0/http/_negotiation/media_type.ts": "58847517cd549384ad677c0fe89e0a4815be36fe7a303ea63cee5f6a1d7e1692",
    "https://deno.land/std@0.208.0/http/cookie.ts": "c6079019fc15c781c302574f40fa2ac71c26b251e8f74eb236ea43e0424edcd7",
    "https://deno.land/std@0.208.0/http/etag.ts": "259abf65316c728660e34a100dcb07a1303c37ab6ca3d4ee068503c18b4358b0",
    "https://deno.land/std@0.208.0/http/file_server.ts": "8a2035a1130fab717a103375d85bf99b25ee27bede8d5a4b3ead2ece24de8b6e",
    "https://deno.land/std@0.208.0/http/http_status.ts": "1bd167fbc45191db718ebfcf541b5ccbe6fbe59af20297642fd82659956161c5",
    "https://deno.land/std@0.208.0/http/negotiation.ts": "46e74a6bad4b857333a58dc5b50fe8e5a4d5267e97292293ea65f980bd918086",
    "https://deno.land/std@0.208.0/http/status.ts": "dcbcc0f048ba8fad81228ac66e4a984c924a28c05701dddd20e0f005681d932f",
    "https://deno.land/std@0.208.0/io/buffer.ts": "11acaeae3dc0e491a335d82915e09e9f8afd53ecb82562515e5951e78f69b076",
    "https://deno.land/std@0.208.0/jsonc/mod.ts": "b88dce28eb3645667caa856538ae2fe87af51410822544a0b45a4177ef3bd7dd",
    "https://deno.land/std@0.208.0/jsonc/parse.ts": "6048912a52d1ee3876a89f57ae6885f3b675bf2708700ef8d3d72acf6ef3342e",
    "https://deno.land/std@0.208.0/media_types/_db.ts": "7606d83e31f23ce1a7968cbaee852810c2cf477903a095696cdc62eaab7ce570",
    "https://deno.land/std@0.208.0/media_types/_util.ts": "0879b04cc810ff18d3dcd97d361e03c9dfb29f67d7fc4a9c6c9d387282ef5fe8",
    "https://deno.land/std@0.208.0/media_types/content_type.ts": "a7a3cb6a2b6e81101637afcaa9884d655b4568ded84fa7e6169bb690a87ee2aa",
    "https://deno.land/std@0.208.0/media_types/format_media_type.ts": "f5e1073c05526a6f5a516ac5c5587a1abd043bf1039c71cde1166aa4328c8baf",
    "https://deno.land/std@0.208.0/media_types/get_charset.ts": "18b88274796fda5d353806bf409eb1d2ddb3f004eb4bd311662c4cdd8ac173db",
    "https://deno.land/std@0.208.0/media_types/parse_media_type.ts": "31ccf2388ffab31b49500bb89fa0f5de189c8897e2ee6c9954f207637d488211",
    "https://deno.land/std@0.208.0/media_types/type_by_extension.ts": "a6f351c9fc2ed742393792f8c59550fa9ef940ca6b462ee16168a3cda6020c19",
    "https://deno.land/std@0.208.0/media_types/vendor/mime-db.v1.52.0.ts": "6925bbcae81ca37241e3f55908d0505724358cda3384eaea707773b2c7e99586",
    "https://deno.land/std@0.208.0/path/_common/assert_path.ts": "061e4d093d4ba5aebceb2c4da3318bfe3289e868570e9d3a8e327d91c2958946",
    "https://deno.land/std@0.208.0/path/_common/basename.ts": "0d978ff818f339cd3b1d09dc914881f4d15617432ae519c1b8fdc09ff8d3789a",
    "https://deno.land/std@0.208.0/path/_common/common.ts": "9e4233b2eeb50f8b2ae10ecc2108f58583aea6fd3e8907827020282dc2b76143",
    "https://deno.land/std@0.208.0/path/_common/constants.ts": "e49961f6f4f48039c0dfed3c3f93e963ca3d92791c9d478ac5b43183413136e0",
    "https://deno.land/std@0.208.0/path/_common/dirname.ts": "2ba7fb4cc9fafb0f38028f434179579ce61d4d9e51296fad22b701c3d3cd7397",
    "https://deno.land/std@0.208.0/path/_common/format.ts": "11aa62e316dfbf22c126917f5e03ea5fe2ee707386555a8f513d27ad5756cf96",
    "https://deno.land/std@0.208.0/path/_common/from_file_url.ts": "ef1bf3197d2efbf0297a2bdbf3a61d804b18f2bcce45548ae112313ec5be3c22",
    "https://deno.land/std@0.208.0/path/_common/glob_to_reg_exp.ts": "5c3c2b79fc2294ec803d102bd9855c451c150021f452046312819fbb6d4dc156",
    "https://deno.land/std@0.208.0/path/_common/normalize.ts": "2ba7fb4cc9fafb0f38028f434179579ce61d4d9e51296fad22b701c3d3cd7397",
    "https://deno.land/std@0.208.0/path/_common/normalize_string.ts": "88c472f28ae49525f9fe82de8c8816d93442d46a30d6bb5063b07ff8a89ff589",
    "https://deno.land/std@0.208.0/path/_common/relative.ts": "1af19d787a2a84b8c534cc487424fe101f614982ae4851382c978ab2216186b4",
    "https://deno.land/std@0.208.0/path/_common/strip_trailing_separators.ts": "7ffc7c287e97bdeeee31b155828686967f222cd73f9e5780bfe7dfb1b58c6c65",
    "https://deno.land/std@0.208.0/path/_common/to_file_url.ts": "a8cdd1633bc9175b7eebd3613266d7c0b6ae0fb0cff24120b6092ac31662f9ae",
    "https://deno.land/std@0.208.0/path/_interface.ts": "6471159dfbbc357e03882c2266d21ef9afdb1e4aa771b0545e90db58a0ba314b",
    "https://deno.land/std@0.208.0/path/_os.ts": "30b0c2875f360c9296dbe6b7f2d528f0f9c741cecad2e97f803f5219e91b40a2",
    "https://deno.land/std@0.208.0/path/basename.ts": "04bb5ef3e86bba8a35603b8f3b69537112cdd19ce64b77f2522006da2977a5f3",
    "https://deno.land/std@0.208.0/path/common.ts": "f4d061c7d0b95a65c2a1a52439edec393e906b40f1caf4604c389fae7caa80f5",
    "https://deno.land/std@0.208.0/path/dirname.ts": "88a0a71c21debafc4da7a4cd44fd32e899462df458fbca152390887d41c40361",
    "https://deno.land/std@0.208.0/path/extname.ts": "2da4e2490f3b48b7121d19fb4c91681a5e11bd6bd99df4f6f47d7a71bb6ecdf2",
    "https://deno.land/std@0.208.0/path/format.ts": "3457530cc85d1b4bab175f9ae73998b34fd456c830d01883169af0681b8894fb",
    "https://deno.land/std@0.208.0/path/from_file_url.ts": "e7fa233ea1dff9641e8d566153a24d95010110185a6f418dd2e32320926043f8",
    "https://deno.land/std@0.208.0/path/glob.ts": "a00a81a55c02bbe074ab21a50b6495c6f7795f54cd718c824adaa92c6c9b7419",
    "https://deno.land/std@0.208.0/path/glob_to_regexp.ts": "74d7448c471e293d03f05ccb968df4365fed6aaa508506b6325a8efdc01d8271",
    "https://deno.land/std@0.208.0/path/is_absolute.ts": "67232b41b860571c5b7537f4954c88d86ae2ba45e883ee37d3dec27b74909d13",
    "https://deno.land/std@0.208.0/path/is_glob.ts": "567dce5c6656bdedfc6b3ee6c0833e1e4db2b8dff6e62148e94a917f289c06ad",
    "https://deno.land/std@0.208.0/path/join.ts": "98d3d76c819af4a11a81d5ba2dbb319f1ce9d63fc2b615597d4bcfddd4a89a09",
    "https://deno.land/std@0.208.0/path/join_globs.ts": "9b84d5103b63d3dbed4b2cf8b12477b2ad415c7d343f1488505162dc0e5f4db8",
    "https://deno.land/std@0.208.0/path/mod.ts": "3defabebc98279e62b392fee7a6937adc932a8f4dcd2471441e36c15b97b00e0",
    "https://deno.land/std@0.208.0/path/normalize.ts": "aa95be9a92c7bd4f9dc0ba51e942a1973e2b93d266cd74f5ca751c136d520b66",
    "https://deno.land/std@0.208.0/path/normalize_glob.ts": "674baa82e1c00b6cb153bbca36e06f8e0337cb8062db6d905ab5de16076ca46b",
    "https://deno.land/std@0.208.0/path/parse.ts": "d87ff0deef3fb495bc0d862278ff96da5a06acf0625ca27769fc52ac0d3d6ece",
    "https://deno.land/std@0.208.0/path/posix/_util.ts": "ecf49560fedd7dd376c6156cc5565cad97c1abe9824f4417adebc7acc36c93e5",
    "https://deno.land/std@0.208.0/path/posix/basename.ts": "a630aeb8fd8e27356b1823b9dedd505e30085015407caa3396332752f6b8406a",
    "https://deno.land/std@0.208.0/path/posix/common.ts": "e781d395dc76f6282e3f7dd8de13194abb8b04a82d109593141abc6e95755c8b",
    "https://deno.land/std@0.208.0/path/posix/dirname.ts": "f48c9c42cc670803b505478b7ef162c7cfa9d8e751b59d278b2ec59470531472",
    "https://deno.land/std@0.208.0/path/posix/extname.ts": "ee7f6571a9c0a37f9218fbf510c440d1685a7c13082c348d701396cc795e0be0",
    "https://deno.land/std@0.208.0/path/posix/format.ts": "b94876f77e61bfe1f147d5ccb46a920636cd3cef8be43df330f0052b03875968",
    "https://deno.land/std@0.208.0/path/posix/from_file_url.ts": "b97287a83e6407ac27bdf3ab621db3fccbf1c27df0a1b1f20e1e1b5acf38a379",
    "https://deno.land/std@0.208.0/path/posix/glob_to_regexp.ts": "6ed00c71fbfe0ccc35977c35444f94e82200b721905a60bd1278b1b768d68b1a",
    "https://deno.land/std@0.208.0/path/posix/is_absolute.ts": "159900a3422d11069d48395568217eb7fc105ceda2683d03d9b7c0f0769e01b8",
    "https://deno.land/std@0.208.0/path/posix/is_glob.ts": "ec4fbc604b9db8487f7b56ab0e759b24a971ab6a45f7b0b698bc39b8b9f9680f",
    "https://deno.land/std@0.208.0/path/posix/join.ts": "0c0d84bdc344876930126640011ec1b888e6facf74153ffad9ef26813aa2a076",
    "https://deno.land/std@0.208.0/path/posix/join_globs.ts": "f4838d54b1f60a34a40625a3293f6e583135348be1b2974341ac04743cb26121",
    "https://deno.land/std@0.208.0/path/posix/mod.ts": "f1b08a7f64294b7de87fc37190d63b6ce5b02889af9290c9703afe01951360ae",
    "https://deno.land/std@0.208.0/path/posix/normalize.ts": "11de90a94ab7148cc46e5a288f7d732aade1d616bc8c862f5560fa18ff987b4b",
    "https://deno.land/std@0.208.0/path/posix/normalize_glob.ts": "10a1840c628ebbab679254d5fa1c20e59106102354fb648a1765aed72eb9f3f9",
    "https://deno.land/std@0.208.0/path/posix/parse.ts": "199208f373dd93a792e9c585352bfc73a6293411bed6da6d3bc4f4ef90b04c8e",
    "https://deno.land/std@0.208.0/path/posix/relative.ts": "e2f230608b0f083e6deaa06e063943e5accb3320c28aef8d87528fbb7fe6504c",
    "https://deno.land/std@0.208.0/path/posix/resolve.ts": "51579d83159d5c719518c9ae50812a63959bbcb7561d79acbdb2c3682236e285",
    "https://deno.land/std@0.208.0/path/posix/separator.ts": "0b6573b5f3269a3164d8edc9cefc33a02dd51003731c561008c8bb60220ebac1",
    "https://deno.land/std@0.208.0/path/posix/to_file_url.ts": "08d43ea839ee75e9b8b1538376cfe95911070a655cd312bc9a00f88ef14967b6",
    "https://deno.land/std@0.208.0/path/posix/to_namespaced_path.ts": "c9228a0e74fd37e76622cd7b142b8416663a9b87db643302fa0926b5a5c83bdc",
    "https://deno.land/std@0.208.0/path/relative.ts": "23d45ede8b7ac464a8299663a43488aad6b561414e7cbbe4790775590db6349c",
    "https://deno.land/std@0.208.0/path/resolve.ts": "5b184efc87155a0af9fa305ff68a109e28de9aee81fc3e77cd01380f19daf867",
    "https://deno.land/std@0.208.0/path/separator.ts": "40a3e9a4ad10bef23bc2cd6c610291b6c502a06237c2c4cd034a15ca78dedc1f",
    "https://deno.land/std@0.208.0/path/to_file_url.ts": "edaafa089e0bce386e1b2d47afe7c72e379ff93b28a5829a5885e4b6c626d864",
    "https://deno.land/std@0.208.0/path/to_namespaced_path.ts": "cf8734848aac3c7527d1689d2adf82132b1618eff3cc523a775068847416b22a",
    "https://deno.land/std@0.208.0/path/windows/_util.ts": "f32b9444554c8863b9b4814025c700492a2b57ff2369d015360970a1b1099d54",
    "https://deno.land/std@0.208.0/path/windows/basename.ts": "8a9dbf7353d50afbc5b221af36c02a72c2d1b2b5b9f7c65bf6a5a2a0baf88ad3",
    "https://deno.land/std@0.208.0/path/windows/common.ts": "e781d395dc76f6282e3f7dd8de13194abb8b04a82d109593141abc6e95755c8b",
    "https://deno.land/std@0.208.0/path/windows/dirname.ts": "5c2aa541384bf0bd9aca821275d2a8690e8238fa846198ef5c7515ce31a01a94",
    "https://deno.land/std@0.208.0/path/windows/extname.ts": "07f4fa1b40d06a827446b3e3bcc8d619c5546b079b8ed0c77040bbef716c7614",
    "https://deno.land/std@0.208.0/path/windows/format.ts": "343019130d78f172a5c49fdc7e64686a7faf41553268961e7b6c92a6d6548edf",
    "https://deno.land/std@0.208.0/path/windows/from_file_url.ts": "d53335c12b0725893d768be3ac6bf0112cc5b639d2deb0171b35988493b46199",
    "https://deno.land/std@0.208.0/path/windows/glob_to_regexp.ts": "290755e18ec6c1a4f4d711c3390537358e8e3179581e66261a0cf348b1a13395",
    "https://deno.land/std@0.208.0/path/windows/is_absolute.ts": "245b56b5f355ede8664bd7f080c910a97e2169972d23075554ae14d73722c53c",
    "https://deno.land/std@0.208.0/path/windows/is_glob.ts": "ec4fbc604b9db8487f7b56ab0e759b24a971ab6a45f7b0b698bc39b8b9f9680f",
    "https://deno.land/std@0.208.0/path/windows/join.ts": "e6600bf88edeeef4e2276e155b8de1d5dec0435fd526ba2dc4d37986b2882f16",
    "https://deno.land/std@0.208.0/path/windows/join_globs.ts": "f4838d54b1f60a34a40625a3293f6e583135348be1b2974341ac04743cb26121",
    "https://deno.land/std@0.208.0/path/windows/mod.ts": "d7040f461465c2c21c1c68fc988ef0bdddd499912138cde3abf6ad60c7fb3814",
    "https://deno.land/std@0.208.0/path/windows/normalize.ts": "9deebbf40c81ef540b7b945d4ccd7a6a2c5a5992f791e6d3377043031e164e69",
    "https://deno.land/std@0.208.0/path/windows/normalize_glob.ts": "344ff5ed45430495b9a3d695567291e50e00b1b3b04ea56712a2acf07ab5c128",
    "https://deno.land/std@0.208.0/path/windows/parse.ts": "120faf778fe1f22056f33ded069b68e12447668fcfa19540c0129561428d3ae5",
    "https://deno.land/std@0.208.0/path/windows/relative.ts": "026855cd2c36c8f28f1df3c6fbd8f2449a2aa21f48797a74700c5d872b86d649",
    "https://deno.land/std@0.208.0/path/windows/resolve.ts": "5ff441ab18a2346abadf778121128ee71bda4d0898513d4639a6ca04edca366b",
    "https://deno.land/std@0.208.0/path/windows/separator.ts": "ae21f27015f10510ed1ac4a0ba9c4c9c967cbdd9d9e776a3e4967553c397bd5d",
    "https://deno.land/std@0.208.0/path/windows/to_file_url.ts": "8e9ea9e1ff364aa06fa72999204229952d0a279dbb876b7b838b2b2fea55cce3",
    "https://deno.land/std@0.208.0/path/windows/to_namespaced_path.ts": "e0f4d4a5e77f28a5708c1a33ff24360f35637ba6d8f103d19661255ef7bfd50d",
    "https://deno.land/std@0.208.0/streams/_common.ts": "3b2c1f0287ce2ad51fff4091a7d0f48375c85b0ec341468e76d5ac13bb0014dd",
    "https://deno.land/std@0.208.0/streams/buffer.ts": "6cd773d22cf21bb988a98cc551b5abfc4c3b03516f93eaa3fb6f2f6e16032deb",
    "https://deno.land/std@0.208.0/streams/byte_slice_stream.ts": "c46d7c74836fc8c1a9acd9fe211cbe1bbaaee1b36087c834fb03af4991135c3a",
    "https://deno.land/std@0.208.0/streams/copy.ts": "faa201291ce9116fb1fae9d16b4f033e259fdea437b77404ff5cf742507844e6",
    "https://deno.land/std@0.208.0/streams/delimiter_stream.ts": "af7aab15d830636265c998ca330576edb6a50959fec1949d2fa57ef8dda299d2",
    "https://deno.land/std@0.208.0/streams/early_zip_readable_streams.ts": "4005fa74162b943f79899e5d7cb96adcbc0a6b867f9144974ed12d30e0a556e1",
    "https://deno.land/std@0.208.0/streams/iterate_reader.ts": "d6b2770f8ee27fb1c1e2c5a3c66451647f6fb5371534c78bef2ce614d60568d8",
    "https://deno.land/std@0.208.0/streams/limited_bytes_transform_stream.ts": "05dc592ffaab83257494d22dd53917e56243c26e5e3129b3f13ddbbbc4785048",
    "https://deno.land/std@0.208.0/streams/limited_transform_stream.ts": "d69ab790232c1b86f53621ad41ef03c235f2abb4b7a1cd51960ad6e12ee55e38",
    "https://deno.land/std@0.208.0/streams/merge_readable_streams.ts": "22963b9bbec8d000d9613db859002768e013fd731cafd55942dc0120d03e7b5d",
    "https://deno.land/std@0.208.0/streams/mod.ts": "e133c271474f1e9dc19f5c4959406f5c2101540c56a3e7d7abc6bdb7bcef807e",
    "https://deno.land/std@0.208.0/streams/read_all.ts": "64bfb842f4047f81d977dead27b6e5a9faaba17c8f1c30066284553dcfc13171",
    "https://deno.land/std@0.208.0/streams/readable_stream_from_reader.ts": "c28abb70a35c683f522b6bd43d39c272db33d86d874c59e728e26f270956b773",
    "https://deno.land/std@0.208.0/streams/reader_from_iterable.ts": "4fd184770b3756987b97c7718df3f5c4a2828b50e1cdc33111827d640dca6366",
    "https://deno.land/std@0.208.0/streams/reader_from_stream_reader.ts": "6fb8852fdd9775ce940a4facf6e265f1f233cc3b90f6d064b1556f6b0ef3d18b",
    "https://deno.land/std@0.208.0/streams/text_delimiter_stream.ts": "f0dc8ff953a8a77f0d1fa8db1fee62de817f36e20d79b00b1362847e30fbdd90",
    "https://deno.land/std@0.208.0/streams/text_line_stream.ts": "4958525688593d20c1c439a006dabd64881736bff642744ca060b2c34b40c240",
    "https://deno.land/std@0.208.0/streams/to_array_buffer.ts": "31b0729f6527054760a3758e84d6d646eac0f7f586204a81824c3eb7728ce836",
    "https://deno.land/std@0.208.0/streams/to_blob.ts": "4cf929b3ffe5d4dbe445d572246159ee2eebf69e998a0ba867b9048fb6e92797",
    "https://deno.land/std@0.208.0/streams/to_json.ts": "10635fac9826392bb8e70bc8354d3beb1058fa1676aa9b6f98257a0d5575f520",
    "https://deno.land/std@0.208.0/streams/to_text.ts": "4018b5f7a0e7ab28d6957c239e401f8b534ef326b7ebd282ca76b3cd55380aab",
    "https://deno.land/std@0.208.0/streams/to_transform_stream.ts": "50af06140c414090df8c3879f46bed4043a5d73caa60352c0c9682a88ec7a8c9",
    "https://deno.land/std@0.208.0/streams/writable_stream_from_writer.ts": "057bdfc6c08e34a8a86e2d61efe7354a8a0976260cd1437de8b7e64bcefaa9b9",
    "https://deno.land/std@0.208.0/streams/write_all.ts": "8fc9525c16eb60eb851274d4693ecd35c2177620239fbdfa8f5aacb32702f2cb",
    "https://deno.land/std@0.208.0/streams/writer_from_stream_writer.ts": "71d7a26f2a2b955794a7318856ad64d9eade36467d930b40698d3d5bfb0ce3b4",
    "https://deno.land/std@0.208.0/streams/zip_readable_streams.ts": "721c5bce8862c8225e60995b2d61c7b1b1d5b5178b60d303a01f453d5c26bb62",
    "https://deno.land/std@0.208.0/version.ts": "a3207ea06bba42f09c7c7ab46590b202c98366f26d2ae31622a4839257dbc790",
    "https://deno.land/x/deno_cache@0.6.2/auth_tokens.ts": "5d1d56474c54a9d152e44d43ea17c2e6a398dd1e9682c69811a313567c01ee1e",
    "https://deno.land/x/deno_cache@0.6.2/cache.ts": "58b53c128b742757efcad10af9a3871f23b4e200674cb5b0ddf61164fb9b2fe7",
    "https://deno.land/x/deno_cache@0.6.2/deno_dir.ts": "1ea355b8ba11c630d076b222b197cfc937dd81e5a4a260938997da99e8ff93a0",
    "https://deno.land/x/deno_cache@0.6.2/deps.ts": "12cca94516cf2d3ed42fccd4b721ecd8060679253f077d83057511045b0081aa",
    "https://deno.land/x/deno_cache@0.6.2/dirs.ts": "009c6f54e0b610914d6ce9f72f6f6ccfffd2d47a79a19061e0a9eb4253836069",
    "https://deno.land/x/deno_cache@0.6.2/disk_cache.ts": "66a1e604a8d564b6dd0500326cac33d08b561d331036bf7272def80f2f7952aa",
    "https://deno.land/x/deno_cache@0.6.2/file_fetcher.ts": "4f3e4a2c78a5ca1e4812099e5083f815a8525ab20d389b560b3517f6b1161dd6",
    "https://deno.land/x/deno_cache@0.6.2/http_cache.ts": "407135eaf2802809ed373c230d57da7ef8dff923c4abf205410b9b99886491fd",
    "https://deno.land/x/deno_cache@0.6.2/lib/deno_cache_dir.generated.js": "59f8defac32e8ebf2a30f7bc77e9d88f0e60098463fb1b75e00b9791a4bbd733",
    "https://deno.land/x/deno_cache@0.6.2/lib/snippets/deno_cache_dir-a2aecaa9536c9402/fs.js": "cbe3a976ed63c72c7cb34ef845c27013033a3b11f9d8d3e2c4aa5dda2c0c7af6",
    "https://deno.land/x/deno_cache@0.6.2/mod.ts": "b4004287e1c6123d7f07fe9b5b3e94ce6d990c4102949a89c527c68b19627867",
    "https://deno.land/x/deno_cache@0.6.2/util.ts": "f3f5a0cfc60051f09162942fb0ee87a0e27b11a12aec4c22076e3006be4cc1e2",
    "https://deno.land/x/deno_kv_oauth@v0.10.0/deps.ts": "34491a123e4a5c66f3e441fa04302220c6165db091650839243894d1dc74b30b",
    "https://deno.land/x/deno_kv_oauth@v0.10.0/lib/_http.ts": "d1a3d6153d574aae4011c3548acca938d91e2c160946fdd8ea502a2a37127613",
    "https://deno.land/x/deno_kv_oauth@v0.10.0/lib/_kv.ts": "77740f486e50591512a41d96674577adc0d8da632cc11e00c70b26234567a7e3",
    "https://deno.land/x/deno_kv_oauth@v0.10.0/lib/create_github_oauth_config.ts": "7969bcd95127bd1a85de10e0fd27a283ca55fa8042bcecf1ea002316f6e31ea5",
    "https://deno.land/x/deno_kv_oauth@v0.10.0/lib/create_google_oauth_config.ts": "ebe738ac30d765e9212553e0f0b7f36c7236338f9e9799f15790b4d04ffbd26c",
    "https://deno.land/x/deno_kv_oauth@v0.10.0/lib/create_okta_oauth_config.ts": "912b898aa6f9227dbad20ab9412e2e385248202dcced011c19ddd2a254f622d6",
    "https://deno.land/x/deno_kv_oauth@v0.10.0/lib/get_required_env.ts": "3ec1a1c1cf8eeb59009535e38a5636058bdca4528d8a3300750cbbef038ce863",
    "https://deno.land/x/deno_kv_oauth@v0.10.0/lib/get_session_id.ts": "8f56928c7e7905f75a11d05d6b08a5c75b17d77880532a0fd56b18c7ee723fd1",
    "https://deno.land/x/deno_kv_oauth@v0.10.0/lib/handle_callback.ts": "87b41660cc60a1387c08dd8e12890fbcf9d7543426871ef80d2a50aeb2afe667",
    "https://deno.land/x/deno_kv_oauth@v0.10.0/lib/sign_in.ts": "15f3978bd121ac107946aaea3d6325e0bb393c9f9f4e2f09f6f45072f9b9284f",
    "https://deno.land/x/deno_kv_oauth@v0.10.0/lib/sign_out.ts": "63a3fa8d975cedd644656766285e3ef0685cab21b2634fe9177c8c3af6faa97f",
    "https://deno.land/x/deno_kv_oauth@v0.10.0/lib/types.ts": "1f38ba43c3cbcee2999fa95478f8475fce53b01ef1d106b925cfc42c030c9f31",
    "https://deno.land/x/denoflate@1.2.1/mod.ts": "f5628e44b80b3d80ed525afa2ba0f12408e3849db817d47a883b801f9ce69dd6",
    "https://deno.land/x/denoflate@1.2.1/pkg/denoflate.js": "b9f9ad9457d3f12f28b1fb35c555f57443427f74decb403113d67364e4f2caf4",
    "https://deno.land/x/denoflate@1.2.1/pkg/denoflate_bg.wasm.js": "d581956245407a2115a3d7e8d85a9641c032940a8e810acbd59ca86afd34d44d",
    "https://deno.land/x/esbuild@v0.19.7/mod.js": "a065cc38cd52019fe17c0d097f4389e3b10a6c699024e4e31a7475bb5e70cfb0",
    "https://deno.land/x/esbuild_deno_loader@0.8.2/deps.ts": "c1aa4747e43d3ae09da96e54aac798ed9bb967634cff72f21b7fab6e5435c293",
    "https://deno.land/x/esbuild_deno_loader@0.8.2/mod.ts": "28524460bef46d487221b01ade6ed913d2e127de7eeee025ab75b34b491283da",
    "https://deno.land/x/esbuild_deno_loader@0.8.2/src/deno.ts": "b0af3e430c068f18c6fa48c2083a1b4354b6c303e16fb37855e02fcafb95f36d",
    "https://deno.land/x/esbuild_deno_loader@0.8.2/src/loader_native.ts": "3ffab59d0ed26c9329b2b84e0a775be5a910b7fed403a46edf4d2c3c8feb8b5a",
    "https://deno.land/x/esbuild_deno_loader@0.8.2/src/loader_portable.ts": "d999f452ef3d8ec2dd3c8443f542adf57efc8a2cd59b29cc41f5b3d7dff512e5",
    "https://deno.land/x/esbuild_deno_loader@0.8.2/src/plugin_deno_loader.ts": "166356133ee63d80e5559a10c18e10b625da96e39a4518b8c7adfef718bb4e32",
    "https://deno.land/x/esbuild_deno_loader@0.8.2/src/plugin_deno_resolver.ts": "0449ed23ae93db1ec74d015a46934aefd7ba7a8f719f7a4980b616cb3f5bbee4",
    "https://deno.land/x/esbuild_deno_loader@0.8.2/src/shared.ts": "33052684aeb542ebd24da372816bbbf885cd090a7ab0fde7770801f7f5b49572",
    "https://deno.land/x/http_fns@v0.1.0/lib/as_serializable_pattern.ts": "2fafc0052f8914327007ed12af4cd05cc68009467db0e5f3eb3ccbc036964480",
    "https://deno.land/x/http_fns@v0.1.0/lib/as_url_pattern.ts": "d4ce6a4b170ef35e4252a77a14c910287599c892bb0630e2740ad4becd235db0",
    "https://deno.land/x/http_fns@v0.1.0/lib/by_media_type.ts": "c1cf8f7772c17209a7e76b67c333d38a95c943217de24588bf2a92bd4e702b03",
    "https://deno.land/x/http_fns@v0.1.0/lib/by_method.ts": "56844d175fe8b0aa2790332beeeddd78e129253bf9cf143b879dda6a7130797c",
    "https://deno.land/x/http_fns@v0.1.0/lib/by_pattern.ts": "d86e5baeb6e6b651d8444e5838448d841a9e7333cb3e57e1737574973a1f9567",
    "https://deno.land/x/http_fns@v0.1.0/lib/cascade.ts": "1790cc5b667fd7edbbb2125b3428167c8876eadcfcfbacf70efb7e6456f214c8",
    "https://deno.land/x/http_fns@v0.1.0/lib/discover_routes.ts": "865617d32169ebe8f2ef6caf97a4529d0dc83c70bd17b751ddb4186429015884",
    "https://deno.land/x/http_fns@v0.1.0/lib/fresh/path_mapper.ts": "050af3d06960ff1c1bfb72e3d3b90f6ca733d957b6be709cc3ce645bb42c4950",
    "https://deno.land/x/http_fns@v0.1.0/lib/generate_routes_module.ts": "57f2a64677d39fcd5de680904f79c0e6fb4ac512a3b0dad617cfdd4d1b861c55",
    "https://deno.land/x/http_fns@v0.1.0/lib/handle.ts": "2e82a4525c707c566fbff16c3b1d8728d524e8e6073289a370552d05e0e8da7f",
    "https://deno.land/x/http_fns@v0.1.0/lib/hosting/init_deploy.ts": "25428befc36324bb4b3ec411bc3d42dc1cfd7723c9f30e000c644cc43bd53430",
    "https://deno.land/x/http_fns@v0.1.0/lib/hosting/init_localhost.ts": "3f36a9dd024b696eafc7c265c42ace45cd7ec26fd4c6f12f0f6abfdd3ba18041",
    "https://deno.land/x/http_fns@v0.1.0/lib/intercept.ts": "c018221041cac08ba75567291f7a79e9052cbf3a59516787f5311bc0b357b1c7",
    "https://deno.land/x/http_fns@v0.1.0/lib/lazy.ts": "f0dc11a4f0ac624fa5d305a13e819cf1382b2ef5e6e02e7838c502cf769b164e",
    "https://deno.land/x/http_fns@v0.1.0/lib/load_key_and_cert.ts": "63124fb812f6c1ffdbdca054131005bf027cc5f8a7f28f9c8070e15fdc1c813f",
    "https://deno.land/x/http_fns@v0.1.0/lib/logger.ts": "606c9347e4bc62b036136e98506c70247272fa61b3b6d419ce1d5b2f1cfb30dd",
    "https://deno.land/x/http_fns@v0.1.0/lib/map_data.ts": "7ca9d7e52a571ee504434c5d5bbb2d9c342b78fccb7cc0b8cb2342fdc25df13e",
    "https://deno.land/x/http_fns@v0.1.0/lib/port.ts": "0ccefe1e6bdf9a3b5727eeb6246f39ea0ee40b0edd561f58fb1b3580f64b3380",
    "https://deno.land/x/http_fns@v0.1.0/lib/request/search_values.ts": "a8dd92a7e3da538abbc8da7153a840c3f3c8658c9a867c9beec81c0602140007",
    "https://deno.land/x/http_fns@v0.1.0/lib/response/append_headers.ts": "5eee22185388012a4a654e1f374983c9dcd1b3d7a41eadb4b867993ae6331732",
    "https://deno.land/x/http_fns@v0.1.0/lib/response/bad_request.ts": "b34ba9c64ba00971add21b6a3d6f226283c91ec0b3e7b16f17cd277ca6b6db42",
    "https://deno.land/x/http_fns@v0.1.0/lib/response/forbidden.ts": "08870d3fef6549e26560ce222483b112351870d3731381564b83072abb5e4672",
    "https://deno.land/x/http_fns@v0.1.0/lib/response/method_not_allowed.ts": "28c5a181a88b8a187a8bbfe9688b68841dca02ae9e07f4e7f910ab15522d20c0",
    "https://deno.land/x/http_fns@v0.1.0/lib/response/no_content.ts": "bf8b10b7c301e1d2aedafb33023a64b62e6294f76eca4d332f34aaffbc90c829",
    "https://deno.land/x/http_fns@v0.1.0/lib/response/not_acceptable.ts": "ea0a65c92eef4da29d0844e53683a3f77283e78f8b8a9ad266aa0a480707c19d",
    "https://deno.land/x/http_fns@v0.1.0/lib/response/not_found.ts": "976749d3abd50008fb90ca056101603697ef845d534bbfc74bc8bec01c6b74b9",
    "https://deno.land/x/http_fns@v0.1.0/lib/response/ok.ts": "9bfc04114957c4e4b08794ac3099114e8b65c05ddf329fe55cb874e8d30be7d9",
    "https://deno.land/x/http_fns@v0.1.0/lib/response/plain_error.ts": "0e1b332c4ab815f03273987a29572835aa884db13eeec2866b31ee292da90ef4",
    "https://deno.land/x/http_fns@v0.1.0/lib/response/redirect.ts": "91cd02acbb60cacbb1c07c4c6a98ebc049411004a79d9f8172bc6bb4d51079d1",
    "https://deno.land/x/http_fns@v0.1.0/lib/response/replace_body.ts": "d5b5468f944b6ab3b42ae792e63746d1b4877e5baed87178d13db527c06262fc",
    "https://deno.land/x/http_fns@v0.1.0/lib/response/see_other.ts": "1fce80248402355731ec01a4b1dbd3fc9ba19c12a879190fc181de3d2c4b1a89",
    "https://deno.land/x/http_fns@v0.1.0/lib/server_url.ts": "9014aa2b38a21495108b43f273b974f843e06588c689ea1702328145fc996694",
    "https://deno.land/x/http_fns@v0.1.0/lib/static_route.ts": "a75eb22ba91d33ad82c3ca82ec7f29e14b52f95cf55b16a7a8dacd466c63d479",
    "https://deno.land/x/http_fns@v0.1.0/lib/types.ts": "118983eb5863f31a469154c5f96de51e35580ca77c06e1b30b0614666e5e1898",
    "https://deno.land/x/http_fns@v0.1.0/lib/with_fallback.ts": "a923f06e2aa79f92a1b03afbde52996ff86f274d4a6d7dcc91e9dda8440340e0",
    "https://deno.land/x/http_render_fns@v0.1.0/lib/render_html.tsx": "f607c91a426883f0e966d8b3565a97a5b11fe8f0f0b557f3bbf5d4570b02cb96",
    "https://deno.land/x/importmap@0.2.1/_util.ts": "ada9a9618b537e6c0316c048a898352396c882b9f2de38aba18fd3f2950ede89",
    "https://deno.land/x/importmap@0.2.1/mod.ts": "ae3d1cd7eabd18c01a4960d57db471126b020f23b37ef14e1359bbb949227ade",
    "https://deno.land/x/jsx_stream@v0.0.13/_internal/awaited_props.ts": "13962458748e8a441b136c633114f976be2c42df66c4422b4c61e6dd8251da6e",
    "https://deno.land/x/jsx_stream@v0.0.13/_internal/defer.ts": "a61a82f73976e1cb8c44873cc7a24ae530186da13a592a9ee7c7a4462db54f5f",
    "https://deno.land/x/jsx_stream@v0.0.13/_internal/stream_component.ts": "4489891278404ed6de6fa0df74c665d531e38cab167c3c63e552a129a77ff5e0",
    "https://deno.land/x/jsx_stream@v0.0.13/_internal/stream_element.ts": "37951833354097447156d45ac289b35869240ee3901d75931e25f40b6c41418d",
    "https://deno.land/x/jsx_stream@v0.0.13/_internal/stream_fragment.ts": "065887be0a8ba4261eaabc0aee3c711ea4436291273c0f107eacaafe2b69cf27",
    "https://deno.land/x/jsx_stream@v0.0.13/_internal/stream_node.ts": "7545d958258d72937e79d91665d1f692975079c73a25f4fe59187f951a41241f",
    "https://deno.land/x/jsx_stream@v0.0.13/_internal/stream_unknown.ts": "dcf4e65a48572202d52607572dd5b3f5eae4f6fddbb8b816d533c2a9b4ce1cf5",
    "https://deno.land/x/jsx_stream@v0.0.13/_internal/token.ts": "d4dadc453d1e46ba22f958bc06db5c099745b8e9092376caf46e0c4c85f88677",
    "https://deno.land/x/jsx_stream@v0.0.13/_internal/util.ts": "562547925032be238b9d3ee9ee2ee1c24596407b4810a6d0be2456823b060203",
    "https://deno.land/x/jsx_stream@v0.0.13/guards.ts": "3e5ce9fe6bdeec7cdc5c219e9acb3c0215f3bc22712b36b54b833796c7d8f166",
    "https://deno.land/x/jsx_stream@v0.0.13/jsx-runtime.ts": "ee5fc1ac6fd9a75fc570baaa4d6dad8d9a59cfe4dea2bfeebd52918acf5fa8ca",
    "https://deno.land/x/jsx_stream@v0.0.13/serialize.ts": "7bebdaf27d96e6ebb61afdf9f8141625534b7500db7cf90438c95bd3ba7bbfc2",
    "https://deno.land/x/jsx_stream@v0.0.13/types.ts": "ea2b841aec2d06e95f240446b53df974ed2efb3884311a992530fd07db29226e",
    "https://deno.land/x/storage_modules@v0.0.7/deno_kv.ts": "61add7e4c9f59be67fa32569ec7618ecc22012da1cc729dc0f549b99d6444b35",
    "https://deno.land/x/storage_modules@v0.0.7/types.ts": "af64a15416106edf080877933d942b47a482ff8ad84a2ca3948c4af8050a6d56",
    "https://deno.land/x/ulid@v0.2.1/mod.ts": "2a5639be4b383b2e8633af51a50815904720b694a8679828057be78ea47095e1",
    "https://esm.sh/hast-util-raw@9.0.1": "fb31c22dd45d10a2563ca4cd009f9d4352200b18d8ff68e9080e89718816565b",
    "https://esm.sh/hast-util-to-jsx-runtime@2.2.0": "d7bbd4fb4f4907a187ecc19706b3c594b5ff02a67ef4b1269ebd257932378bf8",
    "https://esm.sh/mdast-util-from-markdown@2.0.0": "6faa1f66f444b738c9cf8a0e97084ff0ab08008e0236379c1f25c250dd8457f1",
    "https://esm.sh/mdast-util-gfm@3.0.0": "0bef9ce3d7db5662f2a43ba8c34586323d295eb9bde1db802ad9015ceb3c843e",
    "https://esm.sh/mdast-util-to-hast@13.0.2": "81d40855a23c76b35b74382c7b417901a83deb43d4c6f077bd082021a96df70f",
    "https://esm.sh/micromark-extension-gfm@3.0.0": "7a25f597838e5849b3f542c9973c1147720cf0669d25d5c43ce37f2524acb079",
    "https://esm.sh/v133/comma-separated-tokens@2.0.3/denonext/comma-separated-tokens.mjs": "ad5df8a36487e0a63d15bbbb6bab8b153e08583d0d5eb6d0058cd0fc619252e0",
    "https://esm.sh/v133/hast-util-to-jsx-runtime@2.2.0/denonext/hast-util-to-jsx-runtime.mjs": "606c4bf93b218249df0ffb75bb3e8a0cb857274d59732a7f4a4d65e181b6974f",
    "https://esm.sh/v133/hast-util-whitespace@3.0.0/denonext/hast-util-whitespace.mjs": "b2988a87d03b42636bca6ebee778326993a23953ba6638973be17ce03100a357",
    "https://esm.sh/v133/inline-style-parser@0.1.1/denonext/inline-style-parser.mjs": "dada755a348883a0b1b65f2222b2594be53ceb83c4270c5586298ef1a8de5a30",
    "https://esm.sh/v133/property-information@6.3.0/denonext/property-information.mjs": "892dd4dcba102c3cf2becccefb9bcc89b208a133e0547d8d8929016ffd4be0ca",
    "https://esm.sh/v133/space-separated-tokens@2.0.2/denonext/space-separated-tokens.mjs": "f30773a9959cacfe7511c250e5d125a9f88ee00d3aef6e87b4d17fe49806b276",
    "https://esm.sh/v133/style-to-object@0.4.2/denonext/style-to-object.mjs": "8ddb59a0d16cbc9f51810f8b10ed749e996ca11160d4a74bc39704b4dd9f0163",
    "https://esm.sh/v133/unist-util-position@5.0.0/denonext/unist-util-position.mjs": "aaef05774a54f2b84400e98325219e2ba6cf966e318173bcd895647c56bb8871",
    "https://esm.sh/v133/unist-util-stringify-position@4.0.0/denonext/unist-util-stringify-position.mjs": "dabd32cb2b590bbb077fc6f6591a2e065cffd6c55646ba383455926a27ea64d7",
    "https://esm.sh/v133/vfile-message@4.0.2/denonext/vfile-message.mjs": "b97cf857a7b37564a88941434785394016d17620d2021b67695bb4ee696a0c77",
    "https://esm.sh/v135/@ungap/structured-clone@1.2.0/denonext/structured-clone.mjs": "e683ab48ef7a3afd3bce9d1589d14177ddbdbf76fa1483524dddbeb6b142469f",
    "https://esm.sh/v135/ccount@2.0.1/denonext/ccount.mjs": "7b32092651a866fcc992c028982ce5e911356da7653baa3febb1a8ccb93e30f8",
    "https://esm.sh/v135/character-entities@2.0.2/denonext/character-entities.mjs": "9e8657f056310ac3ca8058eaf96cef695ee13a4bf6c302674796a882464f305c",
    "https://esm.sh/v135/comma-separated-tokens@2.0.3/denonext/comma-separated-tokens.mjs": "ad5df8a36487e0a63d15bbbb6bab8b153e08583d0d5eb6d0058cd0fc619252e0",
    "https://esm.sh/v135/decode-named-character-reference@1.0.2/denonext/decode-named-character-reference.mjs": "1a5a8f9cbe302be478e964ab701be8644dbdfd4d8ce9f14de186cf84ee2a4bc1",
    "https://esm.sh/v135/devlop@1.1.0/denonext/devlop.mjs": "05fffa5a5168daec45963b784734dbc468758e130a340af874adfe0d457e394a",
    "https://esm.sh/v135/entities@4.5.0/denonext/lib/decode.js": "7fea6d8bd725edbbf7ea05031d2ea1bbbc1166dc11e3345d541198dd2dc16f1e",
    "https://esm.sh/v135/entities@4.5.0/denonext/lib/escape.js": "7ebdc622bf3618bab25db40da4a49e2b9d03f044745f125f0bc3359f2d060def",
    "https://esm.sh/v135/escape-string-regexp@5.0.0/denonext/escape-string-regexp.mjs": "6080dd39c43a11f999a41172a27b8c58572d747d8276c039d93d4be8b21747a5",
    "https://esm.sh/v135/hast-util-from-parse5@8.0.1/denonext/hast-util-from-parse5.mjs": "1c3f8a5b4fab57bb4edfd4dd5646c6857c1fb0bd9aab82b10720035e10a26505",
    "https://esm.sh/v135/hast-util-parse-selector@4.0.0/denonext/hast-util-parse-selector.mjs": "bd794c65760a29b2ba20eef4de4f94d4b480a45ae01d2047957143a37e4adbb5",
    "https://esm.sh/v135/hast-util-raw@9.0.1/denonext/hast-util-raw.mjs": "6fecea80ef1730b5fc6234f259e744d81ff47916da7c988d7a377bef71f49567",
    "https://esm.sh/v135/hast-util-to-parse5@8.0.0/denonext/hast-util-to-parse5.mjs": "b3ce8667b168b69115ada0ca9fe4ec2cd750fcee5a87c594fe1e50b516fa167a",
    "https://esm.sh/v135/hastscript@8.0.0/denonext/hastscript.mjs": "55a8079d45899d20a70c6968c3a46b15d247d223b02b1804b79f49bae5dc9a06",
    "https://esm.sh/v135/html-void-elements@3.0.0/denonext/html-void-elements.mjs": "331b966249908a14e21bcbd584cc9f88d8df7d78a4bed94f002c9fd297d17459",
    "https://esm.sh/v135/longest-streak@3.1.0/denonext/longest-streak.mjs": "97b1d8c42d407e285971fea218d89a0404270c3b841a26ec62b83f62450ad573",
    "https://esm.sh/v135/markdown-table@3.0.3/denonext/markdown-table.mjs": "1dd9cb2d2d95fc440cc10489ac77bf979c944e76070997d962e05f627f45df0e",
    "https://esm.sh/v135/mdast-util-find-and-replace@3.0.1/denonext/mdast-util-find-and-replace.mjs": "dd75ab7e2d5060ab738fe5da72eeada37c295d5e506b6f8cae61d56dbd875446",
    "https://esm.sh/v135/mdast-util-from-markdown@2.0.0/denonext/mdast-util-from-markdown.mjs": "30a0b1f34afa2c946dc1b401a8f42d7e3cc85a9c5b77ce95276f028b24c10fcf",
    "https://esm.sh/v135/mdast-util-gfm-autolink-literal@2.0.0/denonext/mdast-util-gfm-autolink-literal.mjs": "9c4e2596bb79f9847c77e93c43874bf601134d100a890bd3977c00ca317b09c6",
    "https://esm.sh/v135/mdast-util-gfm-footnote@2.0.0/denonext/mdast-util-gfm-footnote.mjs": "a011850c90af121e09623567b1a1abcaa6bebe5dafc618b2015cb2469c9058cd",
    "https://esm.sh/v135/mdast-util-gfm-strikethrough@2.0.0/denonext/mdast-util-gfm-strikethrough.mjs": "8d6128f5b2e3c6df5d5a17f5ef00a8d945218e591b3aa668cd146c9050b2664e",
    "https://esm.sh/v135/mdast-util-gfm-table@2.0.0/denonext/mdast-util-gfm-table.mjs": "03566441d8a21a76264c54db7f47de32a231296a8774e155d3de9e0a63468638",
    "https://esm.sh/v135/mdast-util-gfm-task-list-item@2.0.0/denonext/mdast-util-gfm-task-list-item.mjs": "a2542fbdb27957f27c170055b85feda34b48d38884afe7f565713f3cc2503301",
    "https://esm.sh/v135/mdast-util-gfm@3.0.0/denonext/mdast-util-gfm.mjs": "0a06fd1def4aadb5defc7f631f6c1d23f8598d57233cba19d4618229db70b10a",
    "https://esm.sh/v135/mdast-util-phrasing@4.0.0/denonext/mdast-util-phrasing.mjs": "ed30057d1949bdde664291eaa5e11ea8c765f573a5c38eba60b099ffd3612f42",
    "https://esm.sh/v135/mdast-util-to-hast@13.0.2/denonext/mdast-util-to-hast.mjs": "762098aaea0d7847a0c1804d14a043eb0cc94c5c4b18526422997b8b35e92107",
    "https://esm.sh/v135/mdast-util-to-markdown@2.1.0/denonext/mdast-util-to-markdown.mjs": "45752d146270661e71f91869eba6f6c434b3f564a005542d0e5dbebc8734e45e",
    "https://esm.sh/v135/mdast-util-to-string@4.0.0/denonext/mdast-util-to-string.mjs": "eda9725fc0c7dc0e7b56998d2d8e4f29312cc5493cb7834c70f32fab2609103b",
    "https://esm.sh/v135/micromark-core-commonmark@2.0.0/denonext/micromark-core-commonmark.mjs": "29686a813f2fa7fc1801c9c6142f71e32e605e6cf8bb8a9afeab78c814f0216c",
    "https://esm.sh/v135/micromark-extension-gfm-autolink-literal@2.0.0/denonext/micromark-extension-gfm-autolink-literal.mjs": "3fee7a2d71d4a3ae46f0a7eeea45fb171e32e70a84d79dbe4602d0aad3ac6e51",
    "https://esm.sh/v135/micromark-extension-gfm-footnote@2.0.0/denonext/micromark-extension-gfm-footnote.mjs": "921d1bb352c7cff04be54613f5e5cce410a905ff8d70962604f6900cee46aefd",
    "https://esm.sh/v135/micromark-extension-gfm-strikethrough@2.0.0/denonext/micromark-extension-gfm-strikethrough.mjs": "acb141db23ac60d397308c959dcf595dda45357d74367103bdeb5ec01882d4d4",
    "https://esm.sh/v135/micromark-extension-gfm-table@2.0.0/denonext/micromark-extension-gfm-table.mjs": "eca8d545020ef80da88feb948fc626b6a902fc5a487481ba15deb42bbb2e075b",
    "https://esm.sh/v135/micromark-extension-gfm-tagfilter@2.0.0/denonext/micromark-extension-gfm-tagfilter.mjs": "6e6faebfc624e00c5af52026393372174a7415aab2bc1d7cc16f2541f2977ba3",
    "https://esm.sh/v135/micromark-extension-gfm-task-list-item@2.0.1/denonext/micromark-extension-gfm-task-list-item.mjs": "575d12647ea051e013593a551391a854e5b4dd69d6c594b20d8ec2a46fbbd7a1",
    "https://esm.sh/v135/micromark-extension-gfm@3.0.0/denonext/micromark-extension-gfm.mjs": "eaa65f2159d1e1eb993fec61d40c79ef55068d6fa8da92bbfa34259d10011112",
    "https://esm.sh/v135/micromark-factory-destination@2.0.0/denonext/micromark-factory-destination.mjs": "84dadab4182836ff8c4437e9a384a6e3488496848641c9868334d8a6b7658331",
    "https://esm.sh/v135/micromark-factory-label@2.0.0/denonext/micromark-factory-label.mjs": "0d4877dbb95c2bf635d48d8d44a243ab0c6830f68c76289c9d92730871b88170",
    "https://esm.sh/v135/micromark-factory-space@2.0.0/denonext/micromark-factory-space.mjs": "1ac7c90dec53f7f634767c5470c2dcf204f4df99ec318a27832786153d5c8110",
    "https://esm.sh/v135/micromark-factory-title@2.0.0/denonext/micromark-factory-title.mjs": "1b202816c09c57894c8e254962ffbd8ad559439b0eb90ff0eca743f0dbfff470",
    "https://esm.sh/v135/micromark-factory-whitespace@2.0.0/denonext/micromark-factory-whitespace.mjs": "f85efacaec053453a9445b4147d2fb7ce02c1d083f0b0da9a730a112ff934d9e",
    "https://esm.sh/v135/micromark-util-character@2.0.1/denonext/micromark-util-character.mjs": "18b451d148e1ccc3a9b18e5c4061d44a0485e8ec65ad805d20b2950a51c7213b",
    "https://esm.sh/v135/micromark-util-chunked@2.0.0/denonext/micromark-util-chunked.mjs": "531cf323ba53649fdc30cd39ebba54253dfd847a4b23f806058ecc6cf67bca69",
    "https://esm.sh/v135/micromark-util-classify-character@2.0.0/denonext/micromark-util-classify-character.mjs": "7e78c1341df2227c29cf5125c17f29bec3887bf8a3178476e129740271bdbd96",
    "https://esm.sh/v135/micromark-util-combine-extensions@2.0.0/denonext/micromark-util-combine-extensions.mjs": "68268c6cb6119bc8b0865156e81a360a3b94cd73bddbb9a2a33eda627e51573a",
    "https://esm.sh/v135/micromark-util-decode-numeric-character-reference@2.0.1/denonext/micromark-util-decode-numeric-character-reference.mjs": "284addb1c2303e02ca074d6a5e529c8c9c3cdb58b6815669e2ec65a2f717cf28",
    "https://esm.sh/v135/micromark-util-decode-string@2.0.0/denonext/micromark-util-decode-string.mjs": "c9abaf0b645a2ca8dd0a8d988a7a25173f4bc5e46154d2875890507c0d2e5a51",
    "https://esm.sh/v135/micromark-util-encode@2.0.0/denonext/micromark-util-encode.mjs": "6077703d774b2fd968ef53977add5d5d1e39ca0db74c5ee4359c540a5febcf48",
    "https://esm.sh/v135/micromark-util-html-tag-name@2.0.0/denonext/micromark-util-html-tag-name.mjs": "a32f6a4aa82498405a88103fd5b0b2e27a8c7f27dc506862f993bf1a1f1716b6",
    "https://esm.sh/v135/micromark-util-normalize-identifier@2.0.0/denonext/micromark-util-normalize-identifier.mjs": "f5b933ea50544d63e505ef11b7f257b97c5056e06417bac15ec02d3f00174c0e",
    "https://esm.sh/v135/micromark-util-resolve-all@2.0.0/denonext/micromark-util-resolve-all.mjs": "c11d87d63d808a26231323012295490931159830a66c00854693ec9279fa09fd",
    "https://esm.sh/v135/micromark-util-sanitize-uri@2.0.0/denonext/micromark-util-sanitize-uri.mjs": "cde22cced5a18a41dcdacbad2cc9e6fc930450118bff7dd764e60eea4aa6c5b5",
    "https://esm.sh/v135/micromark-util-subtokenize@2.0.0/denonext/micromark-util-subtokenize.mjs": "670326123b1f9d91218cee035248437b97e5b6828f1d1eb01d40bc46f89bdc64",
    "https://esm.sh/v135/micromark@4.0.0/denonext/micromark.mjs": "dc73ed793c5bbc49ad7201a326fc724d08bc94372a291c184167b22c4edc320d",
    "https://esm.sh/v135/parse5@7.1.2/denonext/parse5.mjs": "35bb04ec36a1c25c8cd8137296d64d16fd523a8ad1c2b63c41ba867fcd455c36",
    "https://esm.sh/v135/property-information@6.4.0/denonext/property-information.mjs": "8a61ad4cc589e3a30c752bd2eea7703cf286139c919f55f4fd289b90a7ac65a9",
    "https://esm.sh/v135/space-separated-tokens@2.0.2/denonext/space-separated-tokens.mjs": "f30773a9959cacfe7511c250e5d125a9f88ee00d3aef6e87b4d17fe49806b276",
    "https://esm.sh/v135/trim-lines@3.0.1/denonext/trim-lines.mjs": "f01a20253341eb2554f307ab05bc9cd93d6f33bcbb24fde2fc9fcd857564283e",
    "https://esm.sh/v135/unist-util-is@6.0.0/denonext/unist-util-is.mjs": "d92da46b3a1084450f150cc06c02f3bf85b93ab4c4b43a960d72a4f5678e95cc",
    "https://esm.sh/v135/unist-util-position@5.0.0/denonext/unist-util-position.mjs": "aaef05774a54f2b84400e98325219e2ba6cf966e318173bcd895647c56bb8871",
    "https://esm.sh/v135/unist-util-stringify-position@4.0.0/denonext/unist-util-stringify-position.mjs": "dabd32cb2b590bbb077fc6f6591a2e065cffd6c55646ba383455926a27ea64d7",
    "https://esm.sh/v135/unist-util-visit-parents@6.0.1/denonext/do-not-use-color.js": "a1c0a6b93471dd4ed996804dd8a2b9f753c83c4a2da98373253e6b312c8492e2",
    "https://esm.sh/v135/unist-util-visit-parents@6.0.1/denonext/unist-util-visit-parents.mjs": "5f7ececae47bea6d87b7e323153a7415ad8f299dc42e61aefda6d28eaf264c64",
    "https://esm.sh/v135/unist-util-visit@5.0.0/denonext/unist-util-visit.mjs": "6c1b5b3d517cc6dbc88406b2dbab1735d503a797e994dbd4a89f3764098318f7",
    "https://esm.sh/v135/vfile-location@5.0.2/denonext/vfile-location.mjs": "9a7912bc394ed9af26d91b97db831926b0e8ce965ae20f000f25ab17c2658d03",
    "https://esm.sh/v135/web-namespaces@2.0.1/denonext/web-namespaces.mjs": "bc6ee363bbe40abddca68678e849584981176d9bde3728b4c5d47a5241dac7bf",
    "https://esm.sh/v135/zwitch@2.0.4/denonext/zwitch.mjs": "c0e8c246a1f38b425335ea78cc366a7801d3ef89701229a35f85a51310e6e49f"
  }
}
